
Microsoft Visual Studio Solution File, Format Version 12.00
# Visual Studio 15
VisualStudioVersion = 15.0.27130.2027
MinimumVisualStudioVersion = 10.0.40219.1
Project("{8BC9CEB8-8B4A-11D0-8D11-00A0C91BC942}") = "1001. A+B Format", "1001. A+B Format\1001. A+B Format.vcxproj", "{2A7B8995-428E-406B-8618-DC39DF28C226}"
EndProject
Project("{8BC9CEB8-8B4A-11D0-8D11-00A0C91BC942}") = "1001. A+B Format version2", "1001. A+B Format version2\1001. A+B Format version2.vcxproj", "{F23EFB49-B3DC-491C-BE29-294346A6F313}"
EndProject
Project("{8BC9CEB8-8B4A-11D0-8D11-00A0C91BC942}") = "1025. PAT Ranking", "1025. PAT Ranking\1025. PAT Ranking.vcxproj", "{C1299544-D9B8-41F5-BCE6-5B5FFD93666E}"
EndProject
Project("{8BC9CEB8-8B4A-11D0-8D11-00A0C91BC942}") = "1005. Spell It Right", "1005. Spell It Right\1005. Spell It Right.vcxproj", "{A1A60BBC-FD8C-436B-B6E1-009BCDB738C8}"
EndProject
Project("{8BC9CEB8-8B4A-11D0-8D11-00A0C91BC942}") = "1008. Elevator", "1008. Elevator\1008. Elevator.vcxproj", "{933F344E-2FD2-414E-9B13-33464185F30B}"
EndProject
Project("{8BC9CEB8-8B4A-11D0-8D11-00A0C91BC942}") = "1028. List Sorting", "1028. List Sorting\1028. List Sorting.vcxproj", "{14A0F4F2-6A0C-422D-873D-3207A726A162}"
EndProject
Project("{8BC9CEB8-8B4A-11D0-8D11-00A0C91BC942}") = "1036. Boys vs Girls", "1036. Boys vs Girls\1036. Boys vs Girls.vcxproj", "{8F045E4F-416E-4A7C-AD3F-42BF021E9D31}"
EndProject
Project("{8BC9CEB8-8B4A-11D0-8D11-00A0C91BC942}") = "1075. PAT Judge", "1075. PAT Judge\1075. PAT Judge.vcxproj", "{E81C4786-FB3E-4DFB-B633-35E47B75BD17}"
EndProject
Project("{8BC9CEB8-8B4A-11D0-8D11-00A0C91BC942}") = "Sample1 全排列递归", "Sample1 全排列递归\Sample1 全排列递归.vcxproj", "{F8DB07D3-1051-4D7F-8940-8EC5631C5FB1}"
EndProject
Project("{8BC9CEB8-8B4A-11D0-8D11-00A0C91BC942}") = "1060. Are They Equal", "1060. Are They Equal\1060. Are They Equal.vcxproj", "{5E4B3CFD-21F8-4037-8F62-9E64B027C500}"
EndProject
Project("{8BC9CEB8-8B4A-11D0-8D11-00A0C91BC942}") = "1002. A+B for Polynomials", "1002. A+B for Polynomials\1002. A+B for Polynomials.vcxproj", "{CDF92614-F93E-4D4A-BE10-A1999E24D63D}"
EndProject
Project("{8BC9CEB8-8B4A-11D0-8D11-00A0C91BC942}") = "1012. The Best Rank", "1012. The Best Rank\1012. The Best Rank.vcxproj", "{7558CB7E-0006-4875-9AD5-3B1AB5DAC29E}"
EndProject
Project("{8BC9CEB8-8B4A-11D0-8D11-00A0C91BC942}") = "1006. Sign In and Sign Out", "1006. Sign In and Sign Out\1006. Sign In and Sign Out.vcxproj", "{7853B4FD-C556-4494-A9AC-5588A242C5C8}"
EndProject
Project("{8BC9CEB8-8B4A-11D0-8D11-00A0C91BC942}") = "1009. Product of Polynomials", "1009. Product of Polynomials\1009. Product of Polynomials.vcxproj", "{8E69A035-C08D-462C-8457-D266D8304207}"
EndProject
Project("{8BC9CEB8-8B4A-11D0-8D11-00A0C91BC942}") = "1011. World Cup Betting", "1011. World Cup Betting\1011. World Cup Betting.vcxproj", "{4BE37239-DE3B-4302-BCBB-7978B74F4071}"
EndProject
Project("{8BC9CEB8-8B4A-11D0-8D11-00A0C91BC942}") = "1128. N Queens Puzzle", "1128. N Queens Puzzle\1128. N Queens Puzzle.vcxproj", "{BFFB7330-1EBC-41F9-A6F0-87363BABB7EF}"
EndProject
Project("{8BC9CEB8-8B4A-11D0-8D11-00A0C91BC942}") = "1042. Shuffling Machine", "1042. Shuffling Machine\1042. Shuffling Machine.vcxproj", "{BFE3D43C-40EA-48CC-9C9D-3FD845B1316F}"
EndProject
Project("{8BC9CEB8-8B4A-11D0-8D11-00A0C91BC942}") = "1065. A+B and C (64bit)", "1065. A+B and C (64bit)\1065. A+B and C (64bit).vcxproj", "{C4D57948-E269-4B61-81FC-8A4372A5616B}"
EndProject
Project("{8BC9CEB8-8B4A-11D0-8D11-00A0C91BC942}") = "1121. Damn Single", "1121. Damn Single\1121. Damn Single.vcxproj", "{CF363203-BCA9-4FE7-B14A-C0845D275AA1}"
EndProject
Project("{8BC9CEB8-8B4A-11D0-8D11-00A0C91BC942}") = "1007. Maximum Subsequence Sum", "1007. Maximum Subsequence Sum\1007. Maximum Subsequence Sum.vcxproj", "{C106E6FE-DD38-4BB6-BDD6-DA37128732EB}"
EndProject
Project("{8BC9CEB8-8B4A-11D0-8D11-00A0C91BC942}") = "1051. Pop Sequence", "1051. Pop Sequence\1051. Pop Sequence.vcxproj", "{D76BBF52-E7EE-4994-AEBD-DB5E992FF706}"
EndProject
Project("{8BC9CEB8-8B4A-11D0-8D11-00A0C91BC942}") = "1055. The World's Richest", "1055. The World's Richest\1055. The World's Richest.vcxproj", "{CC45239E-95F7-4B06-B239-39DCAB2B8B03}"
EndProject
Project("{8BC9CEB8-8B4A-11D0-8D11-00A0C91BC942}") = "1069. The Black Hole of Numbers", "1069. The Black Hole of Numbers\1069. The Black Hole of Numbers.vcxproj", "{35B8002E-271A-48C0-B98C-3C9D5D4BA258}"
EndProject
Project("{8BC9CEB8-8B4A-11D0-8D11-00A0C91BC942}") = "1059. Prime Factors", "1059. Prime Factors\1059. Prime Factors.vcxproj", "{2D75E348-4BC7-4FF5-B3FE-C3178AF3D555}"
EndProject
Project("{8BC9CEB8-8B4A-11D0-8D11-00A0C91BC942}") = "1096. Consecutive Factors", "1096. Consecutive Factors\1096. Consecutive Factors.vcxproj", "{96BF7DF1-94C3-405F-96B5-B1D5C339A614}"
EndProject
Project("{8BC9CEB8-8B4A-11D0-8D11-00A0C91BC942}") = "1023. Have Fun with Numbers", "1023. Have Fun with Numbers\1023. Have Fun with Numbers.vcxproj", "{0E092BC6-088D-4B27-9EBD-AD8CB9234B00}"
EndProject
Project("{8BC9CEB8-8B4A-11D0-8D11-00A0C91BC942}") = "1093. Count PAT's", "1093. Count PAT's\1093. Count PAT's.vcxproj", "{86C44759-1F82-4BA8-9242-39F91E488231}"
EndProject
Project("{8BC9CEB8-8B4A-11D0-8D11-00A0C91BC942}") = "1101. Quick Sort", "1101. Quick Sort\1101. Quick Sort.vcxproj", "{AA26D9C3-9B7C-4B2A-B19F-618AA54B73BC}"
EndProject
Project("{8BC9CEB8-8B4A-11D0-8D11-00A0C91BC942}") = "1019. General Palindromic Number", "1019. General Palindromic Number\1019. General Palindromic Number.vcxproj", "{B13F3692-A169-41D6-A964-B8E2D206CBE8}"
EndProject
Project("{8BC9CEB8-8B4A-11D0-8D11-00A0C91BC942}") = "1124. Raffle for Weibo Followers", "1124. Raffle for Weibo Followers\1124. Raffle for Weibo Followers.vcxproj", "{9EDF1D23-EEE0-4643-9994-DA033F71938F}"
EndProject
Project("{8BC9CEB8-8B4A-11D0-8D11-00A0C91BC942}") = "1104. Sum of Number Segments", "1104. Sum of Number Segments\1104. Sum of Number Segments.vcxproj", "{19CAA591-4134-462C-9BFE-28ED106AEA3F}"
EndProject
Project("{8BC9CEB8-8B4A-11D0-8D11-00A0C91BC942}") = "1108. Finding Average", "1108. Finding Average\1108. Finding Average.vcxproj", "{E06FCB51-C42C-47E8-B398-05CE3C5C1173}"
EndProject
Project("{8BC9CEB8-8B4A-11D0-8D11-00A0C91BC942}") = "1113. Integer Set Partition", "1113. Integer Set Partition\1113. Integer Set Partition.vcxproj", "{BD3B71B4-3BB4-4851-948C-9E99FDF0EBBB}"
EndProject
Project("{8BC9CEB8-8B4A-11D0-8D11-00A0C91BC942}") = "1117. Eddington Number", "1117. Eddington Number\1117. Eddington Number.vcxproj", "{CD67CC47-CD2D-4929-B556-811C6C1724C0}"
EndProject
Project("{8BC9CEB8-8B4A-11D0-8D11-00A0C91BC942}") = "1032. Sharing", "1032. Sharing\1032. Sharing.vcxproj", "{7F817D07-3184-49B0-8DF4-369D7AD43741}"
EndProject
Project("{8BC9CEB8-8B4A-11D0-8D11-00A0C91BC942}") = "1052. Linked List Sorting", "1052. Linked List Sorting\1052. Linked List Sorting.vcxproj", "{161C389A-B2B1-486E-AC0F-ADED630CEB30}"
EndProject
Project("{8BC9CEB8-8B4A-11D0-8D11-00A0C91BC942}") = "1125. Chain the Ropes", "1125. Chain the Ropes\1125. Chain the Ropes.vcxproj", "{16ADCC3E-F249-4A75-B6CA-044653CBDE1E}"
EndProject
Project("{8BC9CEB8-8B4A-11D0-8D11-00A0C91BC942}") = "1122. Hamiltonian Cycle", "1122. Hamiltonian Cycle\1122. Hamiltonian Cycle.vcxproj", "{99D4BCF2-3CF5-4174-A787-C5D83A3509B5}"
EndProject
Project("{8BC9CEB8-8B4A-11D0-8D11-00A0C91BC942}") = "1112. Stucked Keyboard", "1112. Stucked Keyboard\1112. Stucked Keyboard.vcxproj", "{43406F5A-67D4-42A1-8CE1-47AF887676AF}"
EndProject
Project("{8BC9CEB8-8B4A-11D0-8D11-00A0C91BC942}") = "1074. Reversing Linked List", "1074. Reversing Linked List\1074. Reversing Linked List.vcxproj", "{26311D3B-2653-40E6-AD37-1EFFB72A10A7}"
EndProject
Project("{8BC9CEB8-8B4A-11D0-8D11-00A0C91BC942}") = "1084. Broken Keyboard", "1084. Broken Keyboard\1084. Broken Keyboard.vcxproj", "{A33A5EF4-1DFC-43ED-8E26-DBED33A7893D}"
EndProject
Project("{8BC9CEB8-8B4A-11D0-8D11-00A0C91BC942}") = "1085. Perfect Sequence", "1085. Perfect Sequence\1085. Perfect Sequence.vcxproj", "{A8D2C038-CEDC-4645-BE22-8ABA2A528576}"
EndProject
Project("{8BC9CEB8-8B4A-11D0-8D11-00A0C91BC942}") = "1094. The Largest Generation", "1094. The Largest Generation\1094. The Largest Generation.vcxproj", "{E9A42F67-AAB3-4796-A165-4884CDE64A8E}"
EndProject
Project("{8BC9CEB8-8B4A-11D0-8D11-00A0C91BC942}") = "1083. List Grades", "1083. List Grades\1083. List Grades.vcxproj", "{4D2F23A1-BB98-4D91-8A4C-27D69257C215}"
EndProject
Project("{8BC9CEB8-8B4A-11D0-8D11-00A0C91BC942}") = "1097. Deduplication on a Linked List", "1097. Deduplication on a Linked List\1097. Deduplication on a Linked List.vcxproj", "{3C819DEA-AB5E-4594-A6C4-17EE18808015}"
EndProject
Project("{8BC9CEB8-8B4A-11D0-8D11-00A0C91BC942}") = "1063. Set Similarity", "1063. Set Similarity\1063. Set Similarity.vcxproj", "{4CE9BB0E-EDBB-4837-90FE-63CD50E0FEE6}"
EndProject
Project("{8BC9CEB8-8B4A-11D0-8D11-00A0C91BC942}") = "Sample2 DFS", "Sample2 DFS\Sample2 DFS.vcxproj", "{80D528E6-51C1-47BF-B056-BC4B759656BF}"
EndProject
Project("{8BC9CEB8-8B4A-11D0-8D11-00A0C91BC942}") = "1037. Magic Coupon", "1037. Magic Coupon\1037. Magic Coupon.vcxproj", "{7A8B184A-DFF1-46AE-8761-C847DF6469CA}"
EndProject
Project("{8BC9CEB8-8B4A-11D0-8D11-00A0C91BC942}") = "1132. Cut Integer", "1132. Cut Integer\1132. Cut Integer.vcxproj", "{C5569585-C4E0-4BFF-985C-73601742896C}"
EndProject
Project("{8BC9CEB8-8B4A-11D0-8D11-00A0C91BC942}") = "1130. Infix Expression", "1130. Infix Expression\1130. Infix Expression.vcxproj", "{ECAABC36-DB34-4894-BFF3-45AA19BC21F2}"
EndProject
Project("{8BC9CEB8-8B4A-11D0-8D11-00A0C91BC942}") = "1102. Invert a Binary Tree", "1102. Invert a Binary Tree\1102. Invert a Binary Tree.vcxproj", "{68D77597-ED19-4997-82E3-3158E643B7F6}"
EndProject
Project("{8BC9CEB8-8B4A-11D0-8D11-00A0C91BC942}") = "1020. Tree Traversals", "1020. Tree Traversals\1020. Tree Traversals.vcxproj", "{29B0FAEC-EF28-49A2-928E-6D7239FC3808}"
EndProject
Project("{8BC9CEB8-8B4A-11D0-8D11-00A0C91BC942}") = "1086. Tree Traversals Again", "1086. Tree Traversals Again\1086. Tree Traversals Again.vcxproj", "{980EFBA4-8E31-4C45-8326-1B2BE1B5D770}"
EndProject
Project("{8BC9CEB8-8B4A-11D0-8D11-00A0C91BC942}") = "1053. Path of Equal Weight", "1053. Path of Equal Weight\1053. Path of Equal Weight.vcxproj", "{197D8710-807C-4F15-9313-5063AB983862}"
EndProject
Project("{8BC9CEB8-8B4A-11D0-8D11-00A0C91BC942}") = "1004. Counting Leaves", "1004. Counting Leaves\1004. Counting Leaves.vcxproj", "{1FEE5277-0777-49E9-99F2-A566CABBF2B3}"
EndProject
Global
	GlobalSection(SolutionConfigurationPlatforms) = preSolution
		Debug|x64 = Debug|x64
		Debug|x86 = Debug|x86
		Release|x64 = Release|x64
		Release|x86 = Release|x86
	EndGlobalSection
	GlobalSection(ProjectConfigurationPlatforms) = postSolution
		{2A7B8995-428E-406B-8618-DC39DF28C226}.Debug|x64.ActiveCfg = Debug|x64
		{2A7B8995-428E-406B-8618-DC39DF28C226}.Debug|x64.Build.0 = Debug|x64
		{2A7B8995-428E-406B-8618-DC39DF28C226}.Debug|x86.ActiveCfg = Debug|Win32
		{2A7B8995-428E-406B-8618-DC39DF28C226}.Debug|x86.Build.0 = Debug|Win32
		{2A7B8995-428E-406B-8618-DC39DF28C226}.Release|x64.ActiveCfg = Release|x64
		{2A7B8995-428E-406B-8618-DC39DF28C226}.Release|x64.Build.0 = Release|x64
		{2A7B8995-428E-406B-8618-DC39DF28C226}.Release|x86.ActiveCfg = Release|Win32
		{2A7B8995-428E-406B-8618-DC39DF28C226}.Release|x86.Build.0 = Release|Win32
		{F23EFB49-B3DC-491C-BE29-294346A6F313}.Debug|x64.ActiveCfg = Debug|x64
		{F23EFB49-B3DC-491C-BE29-294346A6F313}.Debug|x64.Build.0 = Debug|x64
		{F23EFB49-B3DC-491C-BE29-294346A6F313}.Debug|x86.ActiveCfg = Debug|Win32
		{F23EFB49-B3DC-491C-BE29-294346A6F313}.Debug|x86.Build.0 = Debug|Win32
		{F23EFB49-B3DC-491C-BE29-294346A6F313}.Release|x64.ActiveCfg = Release|x64
		{F23EFB49-B3DC-491C-BE29-294346A6F313}.Release|x64.Build.0 = Release|x64
		{F23EFB49-B3DC-491C-BE29-294346A6F313}.Release|x86.ActiveCfg = Release|Win32
		{F23EFB49-B3DC-491C-BE29-294346A6F313}.Release|x86.Build.0 = Release|Win32
		{C1299544-D9B8-41F5-BCE6-5B5FFD93666E}.Debug|x64.ActiveCfg = Debug|x64
		{C1299544-D9B8-41F5-BCE6-5B5FFD93666E}.Debug|x64.Build.0 = Debug|x64
		{C1299544-D9B8-41F5-BCE6-5B5FFD93666E}.Debug|x86.ActiveCfg = Debug|Win32
		{C1299544-D9B8-41F5-BCE6-5B5FFD93666E}.Debug|x86.Build.0 = Debug|Win32
		{C1299544-D9B8-41F5-BCE6-5B5FFD93666E}.Release|x64.ActiveCfg = Release|x64
		{C1299544-D9B8-41F5-BCE6-5B5FFD93666E}.Release|x64.Build.0 = Release|x64
		{C1299544-D9B8-41F5-BCE6-5B5FFD93666E}.Release|x86.ActiveCfg = Release|Win32
		{C1299544-D9B8-41F5-BCE6-5B5FFD93666E}.Release|x86.Build.0 = Release|Win32
		{A1A60BBC-FD8C-436B-B6E1-009BCDB738C8}.Debug|x64.ActiveCfg = Debug|x64
		{A1A60BBC-FD8C-436B-B6E1-009BCDB738C8}.Debug|x64.Build.0 = Debug|x64
		{A1A60BBC-FD8C-436B-B6E1-009BCDB738C8}.Debug|x86.ActiveCfg = Debug|Win32
		{A1A60BBC-FD8C-436B-B6E1-009BCDB738C8}.Debug|x86.Build.0 = Debug|Win32
		{A1A60BBC-FD8C-436B-B6E1-009BCDB738C8}.Release|x64.ActiveCfg = Release|x64
		{A1A60BBC-FD8C-436B-B6E1-009BCDB738C8}.Release|x64.Build.0 = Release|x64
		{A1A60BBC-FD8C-436B-B6E1-009BCDB738C8}.Release|x86.ActiveCfg = Release|Win32
		{A1A60BBC-FD8C-436B-B6E1-009BCDB738C8}.Release|x86.Build.0 = Release|Win32
		{933F344E-2FD2-414E-9B13-33464185F30B}.Debug|x64.ActiveCfg = Debug|x64
		{933F344E-2FD2-414E-9B13-33464185F30B}.Debug|x64.Build.0 = Debug|x64
		{933F344E-2FD2-414E-9B13-33464185F30B}.Debug|x86.ActiveCfg = Debug|Win32
		{933F344E-2FD2-414E-9B13-33464185F30B}.Debug|x86.Build.0 = Debug|Win32
		{933F344E-2FD2-414E-9B13-33464185F30B}.Release|x64.ActiveCfg = Release|x64
		{933F344E-2FD2-414E-9B13-33464185F30B}.Release|x64.Build.0 = Release|x64
		{933F344E-2FD2-414E-9B13-33464185F30B}.Release|x86.ActiveCfg = Release|Win32
		{933F344E-2FD2-414E-9B13-33464185F30B}.Release|x86.Build.0 = Release|Win32
		{14A0F4F2-6A0C-422D-873D-3207A726A162}.Debug|x64.ActiveCfg = Debug|x64
		{14A0F4F2-6A0C-422D-873D-3207A726A162}.Debug|x64.Build.0 = Debug|x64
		{14A0F4F2-6A0C-422D-873D-3207A726A162}.Debug|x86.ActiveCfg = Debug|Win32
		{14A0F4F2-6A0C-422D-873D-3207A726A162}.Debug|x86.Build.0 = Debug|Win32
		{14A0F4F2-6A0C-422D-873D-3207A726A162}.Release|x64.ActiveCfg = Release|x64
		{14A0F4F2-6A0C-422D-873D-3207A726A162}.Release|x64.Build.0 = Release|x64
		{14A0F4F2-6A0C-422D-873D-3207A726A162}.Release|x86.ActiveCfg = Release|Win32
		{14A0F4F2-6A0C-422D-873D-3207A726A162}.Release|x86.Build.0 = Release|Win32
		{8F045E4F-416E-4A7C-AD3F-42BF021E9D31}.Debug|x64.ActiveCfg = Debug|x64
		{8F045E4F-416E-4A7C-AD3F-42BF021E9D31}.Debug|x64.Build.0 = Debug|x64
		{8F045E4F-416E-4A7C-AD3F-42BF021E9D31}.Debug|x86.ActiveCfg = Debug|Win32
		{8F045E4F-416E-4A7C-AD3F-42BF021E9D31}.Debug|x86.Build.0 = Debug|Win32
		{8F045E4F-416E-4A7C-AD3F-42BF021E9D31}.Release|x64.ActiveCfg = Release|x64
		{8F045E4F-416E-4A7C-AD3F-42BF021E9D31}.Release|x64.Build.0 = Release|x64
		{8F045E4F-416E-4A7C-AD3F-42BF021E9D31}.Release|x86.ActiveCfg = Release|Win32
		{8F045E4F-416E-4A7C-AD3F-42BF021E9D31}.Release|x86.Build.0 = Release|Win32
		{E81C4786-FB3E-4DFB-B633-35E47B75BD17}.Debug|x64.ActiveCfg = Debug|x64
		{E81C4786-FB3E-4DFB-B633-35E47B75BD17}.Debug|x64.Build.0 = Debug|x64
		{E81C4786-FB3E-4DFB-B633-35E47B75BD17}.Debug|x86.ActiveCfg = Debug|Win32
		{E81C4786-FB3E-4DFB-B633-35E47B75BD17}.Debug|x86.Build.0 = Debug|Win32
		{E81C4786-FB3E-4DFB-B633-35E47B75BD17}.Release|x64.ActiveCfg = Release|x64
		{E81C4786-FB3E-4DFB-B633-35E47B75BD17}.Release|x64.Build.0 = Release|x64
		{E81C4786-FB3E-4DFB-B633-35E47B75BD17}.Release|x86.ActiveCfg = Release|Win32
		{E81C4786-FB3E-4DFB-B633-35E47B75BD17}.Release|x86.Build.0 = Release|Win32
		{F8DB07D3-1051-4D7F-8940-8EC5631C5FB1}.Debug|x64.ActiveCfg = Debug|x64
		{F8DB07D3-1051-4D7F-8940-8EC5631C5FB1}.Debug|x64.Build.0 = Debug|x64
		{F8DB07D3-1051-4D7F-8940-8EC5631C5FB1}.Debug|x86.ActiveCfg = Debug|Win32
		{F8DB07D3-1051-4D7F-8940-8EC5631C5FB1}.Debug|x86.Build.0 = Debug|Win32
		{F8DB07D3-1051-4D7F-8940-8EC5631C5FB1}.Release|x64.ActiveCfg = Release|x64
		{F8DB07D3-1051-4D7F-8940-8EC5631C5FB1}.Release|x64.Build.0 = Release|x64
		{F8DB07D3-1051-4D7F-8940-8EC5631C5FB1}.Release|x86.ActiveCfg = Release|Win32
		{F8DB07D3-1051-4D7F-8940-8EC5631C5FB1}.Release|x86.Build.0 = Release|Win32
		{5E4B3CFD-21F8-4037-8F62-9E64B027C500}.Debug|x64.ActiveCfg = Debug|x64
		{5E4B3CFD-21F8-4037-8F62-9E64B027C500}.Debug|x64.Build.0 = Debug|x64
		{5E4B3CFD-21F8-4037-8F62-9E64B027C500}.Debug|x86.ActiveCfg = Debug|Win32
		{5E4B3CFD-21F8-4037-8F62-9E64B027C500}.Debug|x86.Build.0 = Debug|Win32
		{5E4B3CFD-21F8-4037-8F62-9E64B027C500}.Release|x64.ActiveCfg = Release|x64
		{5E4B3CFD-21F8-4037-8F62-9E64B027C500}.Release|x64.Build.0 = Release|x64
		{5E4B3CFD-21F8-4037-8F62-9E64B027C500}.Release|x86.ActiveCfg = Release|Win32
		{5E4B3CFD-21F8-4037-8F62-9E64B027C500}.Release|x86.Build.0 = Release|Win32
		{CDF92614-F93E-4D4A-BE10-A1999E24D63D}.Debug|x64.ActiveCfg = Debug|x64
		{CDF92614-F93E-4D4A-BE10-A1999E24D63D}.Debug|x64.Build.0 = Debug|x64
		{CDF92614-F93E-4D4A-BE10-A1999E24D63D}.Debug|x86.ActiveCfg = Debug|Win32
		{CDF92614-F93E-4D4A-BE10-A1999E24D63D}.Debug|x86.Build.0 = Debug|Win32
		{CDF92614-F93E-4D4A-BE10-A1999E24D63D}.Release|x64.ActiveCfg = Release|x64
		{CDF92614-F93E-4D4A-BE10-A1999E24D63D}.Release|x64.Build.0 = Release|x64
		{CDF92614-F93E-4D4A-BE10-A1999E24D63D}.Release|x86.ActiveCfg = Release|Win32
		{CDF92614-F93E-4D4A-BE10-A1999E24D63D}.Release|x86.Build.0 = Release|Win32
		{7558CB7E-0006-4875-9AD5-3B1AB5DAC29E}.Debug|x64.ActiveCfg = Debug|x64
		{7558CB7E-0006-4875-9AD5-3B1AB5DAC29E}.Debug|x64.Build.0 = Debug|x64
		{7558CB7E-0006-4875-9AD5-3B1AB5DAC29E}.Debug|x86.ActiveCfg = Debug|Win32
		{7558CB7E-0006-4875-9AD5-3B1AB5DAC29E}.Debug|x86.Build.0 = Debug|Win32
		{7558CB7E-0006-4875-9AD5-3B1AB5DAC29E}.Release|x64.ActiveCfg = Release|x64
		{7558CB7E-0006-4875-9AD5-3B1AB5DAC29E}.Release|x64.Build.0 = Release|x64
		{7558CB7E-0006-4875-9AD5-3B1AB5DAC29E}.Release|x86.ActiveCfg = Release|Win32
		{7558CB7E-0006-4875-9AD5-3B1AB5DAC29E}.Release|x86.Build.0 = Release|Win32
		{7853B4FD-C556-4494-A9AC-5588A242C5C8}.Debug|x64.ActiveCfg = Debug|x64
		{7853B4FD-C556-4494-A9AC-5588A242C5C8}.Debug|x64.Build.0 = Debug|x64
		{7853B4FD-C556-4494-A9AC-5588A242C5C8}.Debug|x86.ActiveCfg = Debug|Win32
		{7853B4FD-C556-4494-A9AC-5588A242C5C8}.Debug|x86.Build.0 = Debug|Win32
		{7853B4FD-C556-4494-A9AC-5588A242C5C8}.Release|x64.ActiveCfg = Release|x64
		{7853B4FD-C556-4494-A9AC-5588A242C5C8}.Release|x64.Build.0 = Release|x64
		{7853B4FD-C556-4494-A9AC-5588A242C5C8}.Release|x86.ActiveCfg = Release|Win32
		{7853B4FD-C556-4494-A9AC-5588A242C5C8}.Release|x86.Build.0 = Release|Win32
		{8E69A035-C08D-462C-8457-D266D8304207}.Debug|x64.ActiveCfg = Debug|x64
		{8E69A035-C08D-462C-8457-D266D8304207}.Debug|x64.Build.0 = Debug|x64
		{8E69A035-C08D-462C-8457-D266D8304207}.Debug|x86.ActiveCfg = Debug|Win32
		{8E69A035-C08D-462C-8457-D266D8304207}.Debug|x86.Build.0 = Debug|Win32
		{8E69A035-C08D-462C-8457-D266D8304207}.Release|x64.ActiveCfg = Release|x64
		{8E69A035-C08D-462C-8457-D266D8304207}.Release|x64.Build.0 = Release|x64
		{8E69A035-C08D-462C-8457-D266D8304207}.Release|x86.ActiveCfg = Release|Win32
		{8E69A035-C08D-462C-8457-D266D8304207}.Release|x86.Build.0 = Release|Win32
		{4BE37239-DE3B-4302-BCBB-7978B74F4071}.Debug|x64.ActiveCfg = Debug|x64
		{4BE37239-DE3B-4302-BCBB-7978B74F4071}.Debug|x64.Build.0 = Debug|x64
		{4BE37239-DE3B-4302-BCBB-7978B74F4071}.Debug|x86.ActiveCfg = Debug|Win32
		{4BE37239-DE3B-4302-BCBB-7978B74F4071}.Debug|x86.Build.0 = Debug|Win32
		{4BE37239-DE3B-4302-BCBB-7978B74F4071}.Release|x64.ActiveCfg = Release|x64
		{4BE37239-DE3B-4302-BCBB-7978B74F4071}.Release|x64.Build.0 = Release|x64
		{4BE37239-DE3B-4302-BCBB-7978B74F4071}.Release|x86.ActiveCfg = Release|Win32
		{4BE37239-DE3B-4302-BCBB-7978B74F4071}.Release|x86.Build.0 = Release|Win32
		{BFFB7330-1EBC-41F9-A6F0-87363BABB7EF}.Debug|x64.ActiveCfg = Debug|x64
		{BFFB7330-1EBC-41F9-A6F0-87363BABB7EF}.Debug|x64.Build.0 = Debug|x64
		{BFFB7330-1EBC-41F9-A6F0-87363BABB7EF}.Debug|x86.ActiveCfg = Debug|Win32
		{BFFB7330-1EBC-41F9-A6F0-87363BABB7EF}.Debug|x86.Build.0 = Debug|Win32
		{BFFB7330-1EBC-41F9-A6F0-87363BABB7EF}.Release|x64.ActiveCfg = Release|x64
		{BFFB7330-1EBC-41F9-A6F0-87363BABB7EF}.Release|x64.Build.0 = Release|x64
		{BFFB7330-1EBC-41F9-A6F0-87363BABB7EF}.Release|x86.ActiveCfg = Release|Win32
		{BFFB7330-1EBC-41F9-A6F0-87363BABB7EF}.Release|x86.Build.0 = Release|Win32
		{BFE3D43C-40EA-48CC-9C9D-3FD845B1316F}.Debug|x64.ActiveCfg = Debug|x64
		{BFE3D43C-40EA-48CC-9C9D-3FD845B1316F}.Debug|x64.Build.0 = Debug|x64
		{BFE3D43C-40EA-48CC-9C9D-3FD845B1316F}.Debug|x86.ActiveCfg = Debug|Win32
		{BFE3D43C-40EA-48CC-9C9D-3FD845B1316F}.Debug|x86.Build.0 = Debug|Win32
		{BFE3D43C-40EA-48CC-9C9D-3FD845B1316F}.Release|x64.ActiveCfg = Release|x64
		{BFE3D43C-40EA-48CC-9C9D-3FD845B1316F}.Release|x64.Build.0 = Release|x64
		{BFE3D43C-40EA-48CC-9C9D-3FD845B1316F}.Release|x86.ActiveCfg = Release|Win32
		{BFE3D43C-40EA-48CC-9C9D-3FD845B1316F}.Release|x86.Build.0 = Release|Win32
		{C4D57948-E269-4B61-81FC-8A4372A5616B}.Debug|x64.ActiveCfg = Debug|x64
		{C4D57948-E269-4B61-81FC-8A4372A5616B}.Debug|x64.Build.0 = Debug|x64
		{C4D57948-E269-4B61-81FC-8A4372A5616B}.Debug|x86.ActiveCfg = Debug|Win32
		{C4D57948-E269-4B61-81FC-8A4372A5616B}.Debug|x86.Build.0 = Debug|Win32
		{C4D57948-E269-4B61-81FC-8A4372A5616B}.Release|x64.ActiveCfg = Release|x64
		{C4D57948-E269-4B61-81FC-8A4372A5616B}.Release|x64.Build.0 = Release|x64
		{C4D57948-E269-4B61-81FC-8A4372A5616B}.Release|x86.ActiveCfg = Release|Win32
		{C4D57948-E269-4B61-81FC-8A4372A5616B}.Release|x86.Build.0 = Release|Win32
		{CF363203-BCA9-4FE7-B14A-C0845D275AA1}.Debug|x64.ActiveCfg = Debug|x64
		{CF363203-BCA9-4FE7-B14A-C0845D275AA1}.Debug|x64.Build.0 = Debug|x64
		{CF363203-BCA9-4FE7-B14A-C0845D275AA1}.Debug|x86.ActiveCfg = Debug|Win32
		{CF363203-BCA9-4FE7-B14A-C0845D275AA1}.Debug|x86.Build.0 = Debug|Win32
		{CF363203-BCA9-4FE7-B14A-C0845D275AA1}.Release|x64.ActiveCfg = Release|x64
		{CF363203-BCA9-4FE7-B14A-C0845D275AA1}.Release|x64.Build.0 = Release|x64
		{CF363203-BCA9-4FE7-B14A-C0845D275AA1}.Release|x86.ActiveCfg = Release|Win32
		{CF363203-BCA9-4FE7-B14A-C0845D275AA1}.Release|x86.Build.0 = Release|Win32
		{C106E6FE-DD38-4BB6-BDD6-DA37128732EB}.Debug|x64.ActiveCfg = Debug|x64
		{C106E6FE-DD38-4BB6-BDD6-DA37128732EB}.Debug|x64.Build.0 = Debug|x64
		{C106E6FE-DD38-4BB6-BDD6-DA37128732EB}.Debug|x86.ActiveCfg = Debug|Win32
		{C106E6FE-DD38-4BB6-BDD6-DA37128732EB}.Debug|x86.Build.0 = Debug|Win32
		{C106E6FE-DD38-4BB6-BDD6-DA37128732EB}.Release|x64.ActiveCfg = Release|x64
		{C106E6FE-DD38-4BB6-BDD6-DA37128732EB}.Release|x64.Build.0 = Release|x64
		{C106E6FE-DD38-4BB6-BDD6-DA37128732EB}.Release|x86.ActiveCfg = Release|Win32
		{C106E6FE-DD38-4BB6-BDD6-DA37128732EB}.Release|x86.Build.0 = Release|Win32
		{D76BBF52-E7EE-4994-AEBD-DB5E992FF706}.Debug|x64.ActiveCfg = Debug|x64
		{D76BBF52-E7EE-4994-AEBD-DB5E992FF706}.Debug|x64.Build.0 = Debug|x64
		{D76BBF52-E7EE-4994-AEBD-DB5E992FF706}.Debug|x86.ActiveCfg = Debug|Win32
		{D76BBF52-E7EE-4994-AEBD-DB5E992FF706}.Debug|x86.Build.0 = Debug|Win32
		{D76BBF52-E7EE-4994-AEBD-DB5E992FF706}.Release|x64.ActiveCfg = Release|x64
		{D76BBF52-E7EE-4994-AEBD-DB5E992FF706}.Release|x64.Build.0 = Release|x64
		{D76BBF52-E7EE-4994-AEBD-DB5E992FF706}.Release|x86.ActiveCfg = Release|Win32
		{D76BBF52-E7EE-4994-AEBD-DB5E992FF706}.Release|x86.Build.0 = Release|Win32
		{CC45239E-95F7-4B06-B239-39DCAB2B8B03}.Debug|x64.ActiveCfg = Debug|x64
		{CC45239E-95F7-4B06-B239-39DCAB2B8B03}.Debug|x64.Build.0 = Debug|x64
		{CC45239E-95F7-4B06-B239-39DCAB2B8B03}.Debug|x86.ActiveCfg = Debug|Win32
		{CC45239E-95F7-4B06-B239-39DCAB2B8B03}.Debug|x86.Build.0 = Debug|Win32
		{CC45239E-95F7-4B06-B239-39DCAB2B8B03}.Release|x64.ActiveCfg = Release|x64
		{CC45239E-95F7-4B06-B239-39DCAB2B8B03}.Release|x64.Build.0 = Release|x64
		{CC45239E-95F7-4B06-B239-39DCAB2B8B03}.Release|x86.ActiveCfg = Release|Win32
		{CC45239E-95F7-4B06-B239-39DCAB2B8B03}.Release|x86.Build.0 = Release|Win32
		{35B8002E-271A-48C0-B98C-3C9D5D4BA258}.Debug|x64.ActiveCfg = Debug|x64
		{35B8002E-271A-48C0-B98C-3C9D5D4BA258}.Debug|x64.Build.0 = Debug|x64
		{35B8002E-271A-48C0-B98C-3C9D5D4BA258}.Debug|x86.ActiveCfg = Debug|Win32
		{35B8002E-271A-48C0-B98C-3C9D5D4BA258}.Debug|x86.Build.0 = Debug|Win32
		{35B8002E-271A-48C0-B98C-3C9D5D4BA258}.Release|x64.ActiveCfg = Release|x64
		{35B8002E-271A-48C0-B98C-3C9D5D4BA258}.Release|x64.Build.0 = Release|x64
		{35B8002E-271A-48C0-B98C-3C9D5D4BA258}.Release|x86.ActiveCfg = Release|Win32
		{35B8002E-271A-48C0-B98C-3C9D5D4BA258}.Release|x86.Build.0 = Release|Win32
		{2D75E348-4BC7-4FF5-B3FE-C3178AF3D555}.Debug|x64.ActiveCfg = Debug|x64
		{2D75E348-4BC7-4FF5-B3FE-C3178AF3D555}.Debug|x64.Build.0 = Debug|x64
		{2D75E348-4BC7-4FF5-B3FE-C3178AF3D555}.Debug|x86.ActiveCfg = Debug|Win32
		{2D75E348-4BC7-4FF5-B3FE-C3178AF3D555}.Debug|x86.Build.0 = Debug|Win32
		{2D75E348-4BC7-4FF5-B3FE-C3178AF3D555}.Release|x64.ActiveCfg = Release|x64
		{2D75E348-4BC7-4FF5-B3FE-C3178AF3D555}.Release|x64.Build.0 = Release|x64
		{2D75E348-4BC7-4FF5-B3FE-C3178AF3D555}.Release|x86.ActiveCfg = Release|Win32
		{2D75E348-4BC7-4FF5-B3FE-C3178AF3D555}.Release|x86.Build.0 = Release|Win32
		{96BF7DF1-94C3-405F-96B5-B1D5C339A614}.Debug|x64.ActiveCfg = Debug|x64
		{96BF7DF1-94C3-405F-96B5-B1D5C339A614}.Debug|x64.Build.0 = Debug|x64
		{96BF7DF1-94C3-405F-96B5-B1D5C339A614}.Debug|x86.ActiveCfg = Debug|Win32
		{96BF7DF1-94C3-405F-96B5-B1D5C339A614}.Debug|x86.Build.0 = Debug|Win32
		{96BF7DF1-94C3-405F-96B5-B1D5C339A614}.Release|x64.ActiveCfg = Release|x64
		{96BF7DF1-94C3-405F-96B5-B1D5C339A614}.Release|x64.Build.0 = Release|x64
		{96BF7DF1-94C3-405F-96B5-B1D5C339A614}.Release|x86.ActiveCfg = Release|Win32
		{96BF7DF1-94C3-405F-96B5-B1D5C339A614}.Release|x86.Build.0 = Release|Win32
		{0E092BC6-088D-4B27-9EBD-AD8CB9234B00}.Debug|x64.ActiveCfg = Debug|x64
		{0E092BC6-088D-4B27-9EBD-AD8CB9234B00}.Debug|x64.Build.0 = Debug|x64
		{0E092BC6-088D-4B27-9EBD-AD8CB9234B00}.Debug|x86.ActiveCfg = Debug|Win32
		{0E092BC6-088D-4B27-9EBD-AD8CB9234B00}.Debug|x86.Build.0 = Debug|Win32
		{0E092BC6-088D-4B27-9EBD-AD8CB9234B00}.Release|x64.ActiveCfg = Release|x64
		{0E092BC6-088D-4B27-9EBD-AD8CB9234B00}.Release|x64.Build.0 = Release|x64
		{0E092BC6-088D-4B27-9EBD-AD8CB9234B00}.Release|x86.ActiveCfg = Release|Win32
		{0E092BC6-088D-4B27-9EBD-AD8CB9234B00}.Release|x86.Build.0 = Release|Win32
		{86C44759-1F82-4BA8-9242-39F91E488231}.Debug|x64.ActiveCfg = Debug|x64
		{86C44759-1F82-4BA8-9242-39F91E488231}.Debug|x64.Build.0 = Debug|x64
		{86C44759-1F82-4BA8-9242-39F91E488231}.Debug|x86.ActiveCfg = Debug|Win32
		{86C44759-1F82-4BA8-9242-39F91E488231}.Debug|x86.Build.0 = Debug|Win32
		{86C44759-1F82-4BA8-9242-39F91E488231}.Release|x64.ActiveCfg = Release|x64
		{86C44759-1F82-4BA8-9242-39F91E488231}.Release|x64.Build.0 = Release|x64
		{86C44759-1F82-4BA8-9242-39F91E488231}.Release|x86.ActiveCfg = Release|Win32
		{86C44759-1F82-4BA8-9242-39F91E488231}.Release|x86.Build.0 = Release|Win32
		{AA26D9C3-9B7C-4B2A-B19F-618AA54B73BC}.Debug|x64.ActiveCfg = Debug|x64
		{AA26D9C3-9B7C-4B2A-B19F-618AA54B73BC}.Debug|x64.Build.0 = Debug|x64
		{AA26D9C3-9B7C-4B2A-B19F-618AA54B73BC}.Debug|x86.ActiveCfg = Debug|Win32
		{AA26D9C3-9B7C-4B2A-B19F-618AA54B73BC}.Debug|x86.Build.0 = Debug|Win32
		{AA26D9C3-9B7C-4B2A-B19F-618AA54B73BC}.Release|x64.ActiveCfg = Release|x64
		{AA26D9C3-9B7C-4B2A-B19F-618AA54B73BC}.Release|x64.Build.0 = Release|x64
		{AA26D9C3-9B7C-4B2A-B19F-618AA54B73BC}.Release|x86.ActiveCfg = Release|Win32
		{AA26D9C3-9B7C-4B2A-B19F-618AA54B73BC}.Release|x86.Build.0 = Release|Win32
		{B13F3692-A169-41D6-A964-B8E2D206CBE8}.Debug|x64.ActiveCfg = Debug|x64
		{B13F3692-A169-41D6-A964-B8E2D206CBE8}.Debug|x64.Build.0 = Debug|x64
		{B13F3692-A169-41D6-A964-B8E2D206CBE8}.Debug|x86.ActiveCfg = Debug|Win32
		{B13F3692-A169-41D6-A964-B8E2D206CBE8}.Debug|x86.Build.0 = Debug|Win32
		{B13F3692-A169-41D6-A964-B8E2D206CBE8}.Release|x64.ActiveCfg = Release|x64
		{B13F3692-A169-41D6-A964-B8E2D206CBE8}.Release|x64.Build.0 = Release|x64
		{B13F3692-A169-41D6-A964-B8E2D206CBE8}.Release|x86.ActiveCfg = Release|Win32
		{B13F3692-A169-41D6-A964-B8E2D206CBE8}.Release|x86.Build.0 = Release|Win32
		{9EDF1D23-EEE0-4643-9994-DA033F71938F}.Debug|x64.ActiveCfg = Debug|x64
		{9EDF1D23-EEE0-4643-9994-DA033F71938F}.Debug|x64.Build.0 = Debug|x64
		{9EDF1D23-EEE0-4643-9994-DA033F71938F}.Debug|x86.ActiveCfg = Debug|Win32
		{9EDF1D23-EEE0-4643-9994-DA033F71938F}.Debug|x86.Build.0 = Debug|Win32
		{9EDF1D23-EEE0-4643-9994-DA033F71938F}.Release|x64.ActiveCfg = Release|x64
		{9EDF1D23-EEE0-4643-9994-DA033F71938F}.Release|x64.Build.0 = Release|x64
		{9EDF1D23-EEE0-4643-9994-DA033F71938F}.Release|x86.ActiveCfg = Release|Win32
		{9EDF1D23-EEE0-4643-9994-DA033F71938F}.Release|x86.Build.0 = Release|Win32
		{19CAA591-4134-462C-9BFE-28ED106AEA3F}.Debug|x64.ActiveCfg = Debug|x64
		{19CAA591-4134-462C-9BFE-28ED106AEA3F}.Debug|x64.Build.0 = Debug|x64
		{19CAA591-4134-462C-9BFE-28ED106AEA3F}.Debug|x86.ActiveCfg = Debug|Win32
		{19CAA591-4134-462C-9BFE-28ED106AEA3F}.Debug|x86.Build.0 = Debug|Win32
		{19CAA591-4134-462C-9BFE-28ED106AEA3F}.Release|x64.ActiveCfg = Release|x64
		{19CAA591-4134-462C-9BFE-28ED106AEA3F}.Release|x64.Build.0 = Release|x64
		{19CAA591-4134-462C-9BFE-28ED106AEA3F}.Release|x86.ActiveCfg = Release|Win32
		{19CAA591-4134-462C-9BFE-28ED106AEA3F}.Release|x86.Build.0 = Release|Win32
		{E06FCB51-C42C-47E8-B398-05CE3C5C1173}.Debug|x64.ActiveCfg = Debug|x64
		{E06FCB51-C42C-47E8-B398-05CE3C5C1173}.Debug|x64.Build.0 = Debug|x64
		{E06FCB51-C42C-47E8-B398-05CE3C5C1173}.Debug|x86.ActiveCfg = Debug|Win32
		{E06FCB51-C42C-47E8-B398-05CE3C5C1173}.Debug|x86.Build.0 = Debug|Win32
		{E06FCB51-C42C-47E8-B398-05CE3C5C1173}.Release|x64.ActiveCfg = Release|x64
		{E06FCB51-C42C-47E8-B398-05CE3C5C1173}.Release|x64.Build.0 = Release|x64
		{E06FCB51-C42C-47E8-B398-05CE3C5C1173}.Release|x86.ActiveCfg = Release|Win32
		{E06FCB51-C42C-47E8-B398-05CE3C5C1173}.Release|x86.Build.0 = Release|Win32
		{BD3B71B4-3BB4-4851-948C-9E99FDF0EBBB}.Debug|x64.ActiveCfg = Debug|x64
		{BD3B71B4-3BB4-4851-948C-9E99FDF0EBBB}.Debug|x64.Build.0 = Debug|x64
		{BD3B71B4-3BB4-4851-948C-9E99FDF0EBBB}.Debug|x86.ActiveCfg = Debug|Win32
		{BD3B71B4-3BB4-4851-948C-9E99FDF0EBBB}.Debug|x86.Build.0 = Debug|Win32
		{BD3B71B4-3BB4-4851-948C-9E99FDF0EBBB}.Release|x64.ActiveCfg = Release|x64
		{BD3B71B4-3BB4-4851-948C-9E99FDF0EBBB}.Release|x64.Build.0 = Release|x64
		{BD3B71B4-3BB4-4851-948C-9E99FDF0EBBB}.Release|x86.ActiveCfg = Release|Win32
		{BD3B71B4-3BB4-4851-948C-9E99FDF0EBBB}.Release|x86.Build.0 = Release|Win32
		{CD67CC47-CD2D-4929-B556-811C6C1724C0}.Debug|x64.ActiveCfg = Debug|x64
		{CD67CC47-CD2D-4929-B556-811C6C1724C0}.Debug|x64.Build.0 = Debug|x64
		{CD67CC47-CD2D-4929-B556-811C6C1724C0}.Debug|x86.ActiveCfg = Debug|Win32
		{CD67CC47-CD2D-4929-B556-811C6C1724C0}.Debug|x86.Build.0 = Debug|Win32
		{CD67CC47-CD2D-4929-B556-811C6C1724C0}.Release|x64.ActiveCfg = Release|x64
		{CD67CC47-CD2D-4929-B556-811C6C1724C0}.Release|x64.Build.0 = Release|x64
		{CD67CC47-CD2D-4929-B556-811C6C1724C0}.Release|x86.ActiveCfg = Release|Win32
		{CD67CC47-CD2D-4929-B556-811C6C1724C0}.Release|x86.Build.0 = Release|Win32
		{7F817D07-3184-49B0-8DF4-369D7AD43741}.Debug|x64.ActiveCfg = Debug|x64
		{7F817D07-3184-49B0-8DF4-369D7AD43741}.Debug|x64.Build.0 = Debug|x64
		{7F817D07-3184-49B0-8DF4-369D7AD43741}.Debug|x86.ActiveCfg = Debug|Win32
		{7F817D07-3184-49B0-8DF4-369D7AD43741}.Debug|x86.Build.0 = Debug|Win32
		{7F817D07-3184-49B0-8DF4-369D7AD43741}.Release|x64.ActiveCfg = Release|x64
		{7F817D07-3184-49B0-8DF4-369D7AD43741}.Release|x64.Build.0 = Release|x64
		{7F817D07-3184-49B0-8DF4-369D7AD43741}.Release|x86.ActiveCfg = Release|Win32
		{7F817D07-3184-49B0-8DF4-369D7AD43741}.Release|x86.Build.0 = Release|Win32
		{161C389A-B2B1-486E-AC0F-ADED630CEB30}.Debug|x64.ActiveCfg = Debug|x64
		{161C389A-B2B1-486E-AC0F-ADED630CEB30}.Debug|x64.Build.0 = Debug|x64
		{161C389A-B2B1-486E-AC0F-ADED630CEB30}.Debug|x86.ActiveCfg = Debug|Win32
		{161C389A-B2B1-486E-AC0F-ADED630CEB30}.Debug|x86.Build.0 = Debug|Win32
		{161C389A-B2B1-486E-AC0F-ADED630CEB30}.Release|x64.ActiveCfg = Release|x64
		{161C389A-B2B1-486E-AC0F-ADED630CEB30}.Release|x64.Build.0 = Release|x64
		{161C389A-B2B1-486E-AC0F-ADED630CEB30}.Release|x86.ActiveCfg = Release|Win32
		{161C389A-B2B1-486E-AC0F-ADED630CEB30}.Release|x86.Build.0 = Release|Win32
		{16ADCC3E-F249-4A75-B6CA-044653CBDE1E}.Debug|x64.ActiveCfg = Debug|x64
		{16ADCC3E-F249-4A75-B6CA-044653CBDE1E}.Debug|x64.Build.0 = Debug|x64
		{16ADCC3E-F249-4A75-B6CA-044653CBDE1E}.Debug|x86.ActiveCfg = Debug|Win32
		{16ADCC3E-F249-4A75-B6CA-044653CBDE1E}.Debug|x86.Build.0 = Debug|Win32
		{16ADCC3E-F249-4A75-B6CA-044653CBDE1E}.Release|x64.ActiveCfg = Release|x64
		{16ADCC3E-F249-4A75-B6CA-044653CBDE1E}.Release|x64.Build.0 = Release|x64
		{16ADCC3E-F249-4A75-B6CA-044653CBDE1E}.Release|x86.ActiveCfg = Release|Win32
		{16ADCC3E-F249-4A75-B6CA-044653CBDE1E}.Release|x86.Build.0 = Release|Win32
		{99D4BCF2-3CF5-4174-A787-C5D83A3509B5}.Debug|x64.ActiveCfg = Debug|x64
		{99D4BCF2-3CF5-4174-A787-C5D83A3509B5}.Debug|x64.Build.0 = Debug|x64
		{99D4BCF2-3CF5-4174-A787-C5D83A3509B5}.Debug|x86.ActiveCfg = Debug|Win32
		{99D4BCF2-3CF5-4174-A787-C5D83A3509B5}.Debug|x86.Build.0 = Debug|Win32
		{99D4BCF2-3CF5-4174-A787-C5D83A3509B5}.Release|x64.ActiveCfg = Release|x64
		{99D4BCF2-3CF5-4174-A787-C5D83A3509B5}.Release|x64.Build.0 = Release|x64
		{99D4BCF2-3CF5-4174-A787-C5D83A3509B5}.Release|x86.ActiveCfg = Release|Win32
		{99D4BCF2-3CF5-4174-A787-C5D83A3509B5}.Release|x86.Build.0 = Release|Win32
		{43406F5A-67D4-42A1-8CE1-47AF887676AF}.Debug|x64.ActiveCfg = Debug|x64
		{43406F5A-67D4-42A1-8CE1-47AF887676AF}.Debug|x64.Build.0 = Debug|x64
		{43406F5A-67D4-42A1-8CE1-47AF887676AF}.Debug|x86.ActiveCfg = Debug|Win32
		{43406F5A-67D4-42A1-8CE1-47AF887676AF}.Debug|x86.Build.0 = Debug|Win32
		{43406F5A-67D4-42A1-8CE1-47AF887676AF}.Release|x64.ActiveCfg = Release|x64
		{43406F5A-67D4-42A1-8CE1-47AF887676AF}.Release|x64.Build.0 = Release|x64
		{43406F5A-67D4-42A1-8CE1-47AF887676AF}.Release|x86.ActiveCfg = Release|Win32
		{43406F5A-67D4-42A1-8CE1-47AF887676AF}.Release|x86.Build.0 = Release|Win32
		{26311D3B-2653-40E6-AD37-1EFFB72A10A7}.Debug|x64.ActiveCfg = Debug|x64
		{26311D3B-2653-40E6-AD37-1EFFB72A10A7}.Debug|x64.Build.0 = Debug|x64
		{26311D3B-2653-40E6-AD37-1EFFB72A10A7}.Debug|x86.ActiveCfg = Debug|Win32
		{26311D3B-2653-40E6-AD37-1EFFB72A10A7}.Debug|x86.Build.0 = Debug|Win32
		{26311D3B-2653-40E6-AD37-1EFFB72A10A7}.Release|x64.ActiveCfg = Release|x64
		{26311D3B-2653-40E6-AD37-1EFFB72A10A7}.Release|x64.Build.0 = Release|x64
		{26311D3B-2653-40E6-AD37-1EFFB72A10A7}.Release|x86.ActiveCfg = Release|Win32
		{26311D3B-2653-40E6-AD37-1EFFB72A10A7}.Release|x86.Build.0 = Release|Win32
		{A33A5EF4-1DFC-43ED-8E26-DBED33A7893D}.Debug|x64.ActiveCfg = Debug|x64
		{A33A5EF4-1DFC-43ED-8E26-DBED33A7893D}.Debug|x64.Build.0 = Debug|x64
		{A33A5EF4-1DFC-43ED-8E26-DBED33A7893D}.Debug|x86.ActiveCfg = Debug|Win32
		{A33A5EF4-1DFC-43ED-8E26-DBED33A7893D}.Debug|x86.Build.0 = Debug|Win32
		{A33A5EF4-1DFC-43ED-8E26-DBED33A7893D}.Release|x64.ActiveCfg = Release|x64
		{A33A5EF4-1DFC-43ED-8E26-DBED33A7893D}.Release|x64.Build.0 = Release|x64
		{A33A5EF4-1DFC-43ED-8E26-DBED33A7893D}.Release|x86.ActiveCfg = Release|Win32
		{A33A5EF4-1DFC-43ED-8E26-DBED33A7893D}.Release|x86.Build.0 = Release|Win32
		{A8D2C038-CEDC-4645-BE22-8ABA2A528576}.Debug|x64.ActiveCfg = Debug|x64
		{A8D2C038-CEDC-4645-BE22-8ABA2A528576}.Debug|x64.Build.0 = Debug|x64
		{A8D2C038-CEDC-4645-BE22-8ABA2A528576}.Debug|x86.ActiveCfg = Debug|Win32
		{A8D2C038-CEDC-4645-BE22-8ABA2A528576}.Debug|x86.Build.0 = Debug|Win32
		{A8D2C038-CEDC-4645-BE22-8ABA2A528576}.Release|x64.ActiveCfg = Release|x64
		{A8D2C038-CEDC-4645-BE22-8ABA2A528576}.Release|x64.Build.0 = Release|x64
		{A8D2C038-CEDC-4645-BE22-8ABA2A528576}.Release|x86.ActiveCfg = Release|Win32
		{A8D2C038-CEDC-4645-BE22-8ABA2A528576}.Release|x86.Build.0 = Release|Win32
		{E9A42F67-AAB3-4796-A165-4884CDE64A8E}.Debug|x64.ActiveCfg = Debug|x64
		{E9A42F67-AAB3-4796-A165-4884CDE64A8E}.Debug|x64.Build.0 = Debug|x64
		{E9A42F67-AAB3-4796-A165-4884CDE64A8E}.Debug|x86.ActiveCfg = Debug|Win32
		{E9A42F67-AAB3-4796-A165-4884CDE64A8E}.Debug|x86.Build.0 = Debug|Win32
		{E9A42F67-AAB3-4796-A165-4884CDE64A8E}.Release|x64.ActiveCfg = Release|x64
		{E9A42F67-AAB3-4796-A165-4884CDE64A8E}.Release|x64.Build.0 = Release|x64
		{E9A42F67-AAB3-4796-A165-4884CDE64A8E}.Release|x86.ActiveCfg = Release|Win32
		{E9A42F67-AAB3-4796-A165-4884CDE64A8E}.Release|x86.Build.0 = Release|Win32
		{4D2F23A1-BB98-4D91-8A4C-27D69257C215}.Debug|x64.ActiveCfg = Debug|x64
		{4D2F23A1-BB98-4D91-8A4C-27D69257C215}.Debug|x64.Build.0 = Debug|x64
		{4D2F23A1-BB98-4D91-8A4C-27D69257C215}.Debug|x86.ActiveCfg = Debug|Win32
		{4D2F23A1-BB98-4D91-8A4C-27D69257C215}.Debug|x86.Build.0 = Debug|Win32
		{4D2F23A1-BB98-4D91-8A4C-27D69257C215}.Release|x64.ActiveCfg = Release|x64
		{4D2F23A1-BB98-4D91-8A4C-27D69257C215}.Release|x64.Build.0 = Release|x64
		{4D2F23A1-BB98-4D91-8A4C-27D69257C215}.Release|x86.ActiveCfg = Release|Win32
		{4D2F23A1-BB98-4D91-8A4C-27D69257C215}.Release|x86.Build.0 = Release|Win32
		{3C819DEA-AB5E-4594-A6C4-17EE18808015}.Debug|x64.ActiveCfg = Debug|x64
		{3C819DEA-AB5E-4594-A6C4-17EE18808015}.Debug|x64.Build.0 = Debug|x64
		{3C819DEA-AB5E-4594-A6C4-17EE18808015}.Debug|x86.ActiveCfg = Debug|Win32
		{3C819DEA-AB5E-4594-A6C4-17EE18808015}.Debug|x86.Build.0 = Debug|Win32
		{3C819DEA-AB5E-4594-A6C4-17EE18808015}.Release|x64.ActiveCfg = Release|x64
		{3C819DEA-AB5E-4594-A6C4-17EE18808015}.Release|x64.Build.0 = Release|x64
		{3C819DEA-AB5E-4594-A6C4-17EE18808015}.Release|x86.ActiveCfg = Release|Win32
		{3C819DEA-AB5E-4594-A6C4-17EE18808015}.Release|x86.Build.0 = Release|Win32
		{4CE9BB0E-EDBB-4837-90FE-63CD50E0FEE6}.Debug|x64.ActiveCfg = Debug|x64
		{4CE9BB0E-EDBB-4837-90FE-63CD50E0FEE6}.Debug|x64.Build.0 = Debug|x64
		{4CE9BB0E-EDBB-4837-90FE-63CD50E0FEE6}.Debug|x86.ActiveCfg = Debug|Win32
		{4CE9BB0E-EDBB-4837-90FE-63CD50E0FEE6}.Debug|x86.Build.0 = Debug|Win32
		{4CE9BB0E-EDBB-4837-90FE-63CD50E0FEE6}.Release|x64.ActiveCfg = Release|x64
		{4CE9BB0E-EDBB-4837-90FE-63CD50E0FEE6}.Release|x64.Build.0 = Release|x64
		{4CE9BB0E-EDBB-4837-90FE-63CD50E0FEE6}.Release|x86.ActiveCfg = Release|Win32
		{4CE9BB0E-EDBB-4837-90FE-63CD50E0FEE6}.Release|x86.Build.0 = Release|Win32
		{80D528E6-51C1-47BF-B056-BC4B759656BF}.Debug|x64.ActiveCfg = Debug|x64
		{80D528E6-51C1-47BF-B056-BC4B759656BF}.Debug|x64.Build.0 = Debug|x64
		{80D528E6-51C1-47BF-B056-BC4B759656BF}.Debug|x86.ActiveCfg = Debug|Win32
		{80D528E6-51C1-47BF-B056-BC4B759656BF}.Debug|x86.Build.0 = Debug|Win32
		{80D528E6-51C1-47BF-B056-BC4B759656BF}.Release|x64.ActiveCfg = Release|x64
		{80D528E6-51C1-47BF-B056-BC4B759656BF}.Release|x64.Build.0 = Release|x64
		{80D528E6-51C1-47BF-B056-BC4B759656BF}.Release|x86.ActiveCfg = Release|Win32
		{80D528E6-51C1-47BF-B056-BC4B759656BF}.Release|x86.Build.0 = Release|Win32
		{7A8B184A-DFF1-46AE-8761-C847DF6469CA}.Debug|x64.ActiveCfg = Debug|x64
		{7A8B184A-DFF1-46AE-8761-C847DF6469CA}.Debug|x64.Build.0 = Debug|x64
		{7A8B184A-DFF1-46AE-8761-C847DF6469CA}.Debug|x86.ActiveCfg = Debug|Win32
		{7A8B184A-DFF1-46AE-8761-C847DF6469CA}.Debug|x86.Build.0 = Debug|Win32
		{7A8B184A-DFF1-46AE-8761-C847DF6469CA}.Release|x64.ActiveCfg = Release|x64
		{7A8B184A-DFF1-46AE-8761-C847DF6469CA}.Release|x64.Build.0 = Release|x64
		{7A8B184A-DFF1-46AE-8761-C847DF6469CA}.Release|x86.ActiveCfg = Release|Win32
		{7A8B184A-DFF1-46AE-8761-C847DF6469CA}.Release|x86.Build.0 = Release|Win32
		{C5569585-C4E0-4BFF-985C-73601742896C}.Debug|x64.ActiveCfg = Debug|x64
		{C5569585-C4E0-4BFF-985C-73601742896C}.Debug|x64.Build.0 = Debug|x64
		{C5569585-C4E0-4BFF-985C-73601742896C}.Debug|x86.ActiveCfg = Debug|Win32
		{C5569585-C4E0-4BFF-985C-73601742896C}.Debug|x86.Build.0 = Debug|Win32
		{C5569585-C4E0-4BFF-985C-73601742896C}.Release|x64.ActiveCfg = Release|x64
		{C5569585-C4E0-4BFF-985C-73601742896C}.Release|x64.Build.0 = Release|x64
		{C5569585-C4E0-4BFF-985C-73601742896C}.Release|x86.ActiveCfg = Release|Win32
		{C5569585-C4E0-4BFF-985C-73601742896C}.Release|x86.Build.0 = Release|Win32
		{ECAABC36-DB34-4894-BFF3-45AA19BC21F2}.Debug|x64.ActiveCfg = Debug|x64
		{ECAABC36-DB34-4894-BFF3-45AA19BC21F2}.Debug|x64.Build.0 = Debug|x64
		{ECAABC36-DB34-4894-BFF3-45AA19BC21F2}.Debug|x86.ActiveCfg = Debug|Win32
		{ECAABC36-DB34-4894-BFF3-45AA19BC21F2}.Debug|x86.Build.0 = Debug|Win32
		{ECAABC36-DB34-4894-BFF3-45AA19BC21F2}.Release|x64.ActiveCfg = Release|x64
		{ECAABC36-DB34-4894-BFF3-45AA19BC21F2}.Release|x64.Build.0 = Release|x64
		{ECAABC36-DB34-4894-BFF3-45AA19BC21F2}.Release|x86.ActiveCfg = Release|Win32
		{ECAABC36-DB34-4894-BFF3-45AA19BC21F2}.Release|x86.Build.0 = Release|Win32
		{68D77597-ED19-4997-82E3-3158E643B7F6}.Debug|x64.ActiveCfg = Debug|x64
		{68D77597-ED19-4997-82E3-3158E643B7F6}.Debug|x64.Build.0 = Debug|x64
		{68D77597-ED19-4997-82E3-3158E643B7F6}.Debug|x86.ActiveCfg = Debug|Win32
		{68D77597-ED19-4997-82E3-3158E643B7F6}.Debug|x86.Build.0 = Debug|Win32
		{68D77597-ED19-4997-82E3-3158E643B7F6}.Release|x64.ActiveCfg = Release|x64
		{68D77597-ED19-4997-82E3-3158E643B7F6}.Release|x64.Build.0 = Release|x64
		{68D77597-ED19-4997-82E3-3158E643B7F6}.Release|x86.ActiveCfg = Release|Win32
		{68D77597-ED19-4997-82E3-3158E643B7F6}.Release|x86.Build.0 = Release|Win32
		{29B0FAEC-EF28-49A2-928E-6D7239FC3808}.Debug|x64.ActiveCfg = Debug|x64
		{29B0FAEC-EF28-49A2-928E-6D7239FC3808}.Debug|x64.Build.0 = Debug|x64
		{29B0FAEC-EF28-49A2-928E-6D7239FC3808}.Debug|x86.ActiveCfg = Debug|Win32
		{29B0FAEC-EF28-49A2-928E-6D7239FC3808}.Debug|x86.Build.0 = Debug|Win32
		{29B0FAEC-EF28-49A2-928E-6D7239FC3808}.Release|x64.ActiveCfg = Release|x64
		{29B0FAEC-EF28-49A2-928E-6D7239FC3808}.Release|x64.Build.0 = Release|x64
		{29B0FAEC-EF28-49A2-928E-6D7239FC3808}.Release|x86.ActiveCfg = Release|Win32
		{29B0FAEC-EF28-49A2-928E-6D7239FC3808}.Release|x86.Build.0 = Release|Win32
		{980EFBA4-8E31-4C45-8326-1B2BE1B5D770}.Debug|x64.ActiveCfg = Debug|x64
		{980EFBA4-8E31-4C45-8326-1B2BE1B5D770}.Debug|x64.Build.0 = Debug|x64
		{980EFBA4-8E31-4C45-8326-1B2BE1B5D770}.Debug|x86.ActiveCfg = Debug|Win32
		{980EFBA4-8E31-4C45-8326-1B2BE1B5D770}.Debug|x86.Build.0 = Debug|Win32
		{980EFBA4-8E31-4C45-8326-1B2BE1B5D770}.Release|x64.ActiveCfg = Release|x64
		{980EFBA4-8E31-4C45-8326-1B2BE1B5D770}.Release|x64.Build.0 = Release|x64
		{980EFBA4-8E31-4C45-8326-1B2BE1B5D770}.Release|x86.ActiveCfg = Release|Win32
		{980EFBA4-8E31-4C45-8326-1B2BE1B5D770}.Release|x86.Build.0 = Release|Win32
		{197D8710-807C-4F15-9313-5063AB983862}.Debug|x64.ActiveCfg = Debug|x64
		{197D8710-807C-4F15-9313-5063AB983862}.Debug|x64.Build.0 = Debug|x64
		{197D8710-807C-4F15-9313-5063AB983862}.Debug|x86.ActiveCfg = Debug|Win32
		{197D8710-807C-4F15-9313-5063AB983862}.Debug|x86.Build.0 = Debug|Win32
		{197D8710-807C-4F15-9313-5063AB983862}.Release|x64.ActiveCfg = Release|x64
		{197D8710-807C-4F15-9313-5063AB983862}.Release|x64.Build.0 = Release|x64
		{197D8710-807C-4F15-9313-5063AB983862}.Release|x86.ActiveCfg = Release|Win32
		{197D8710-807C-4F15-9313-5063AB983862}.Release|x86.Build.0 = Release|Win32
		{1FEE5277-0777-49E9-99F2-A566CABBF2B3}.Debug|x64.ActiveCfg = Debug|x64
		{1FEE5277-0777-49E9-99F2-A566CABBF2B3}.Debug|x64.Build.0 = Debug|x64
		{1FEE5277-0777-49E9-99F2-A566CABBF2B3}.Debug|x86.ActiveCfg = Debug|Win32
		{1FEE5277-0777-49E9-99F2-A566CABBF2B3}.Debug|x86.Build.0 = Debug|Win32
		{1FEE5277-0777-49E9-99F2-A566CABBF2B3}.Release|x64.ActiveCfg = Release|x64
		{1FEE5277-0777-49E9-99F2-A566CABBF2B3}.Release|x64.Build.0 = Release|x64
		{1FEE5277-0777-49E9-99F2-A566CABBF2B3}.Release|x86.ActiveCfg = Release|Win32
		{1FEE5277-0777-49E9-99F2-A566CABBF2B3}.Release|x86.Build.0 = Release|Win32
	EndGlobalSection
	GlobalSection(SolutionProperties) = preSolution
		HideSolutionNode = FALSE
	EndGlobalSection
	GlobalSection(ExtensibilityGlobals) = postSolution
		SolutionGuid = {BD3CE307-D91F-42E9-9ECB-D213F32C713E}
	EndGlobalSection
EndGlobal
