
Microsoft Visual Studio Solution File, Format Version 12.00
# Visual Studio 15
VisualStudioVersion = 15.0.27130.2027
MinimumVisualStudioVersion = 10.0.40219.1
Project("{8BC9CEB8-8B4A-11D0-8D11-00A0C91BC942}") = "1001. A+B Format", "1001. A+B Format\1001. A+B Format.vcxproj", "{2A7B8995-428E-406B-8618-DC39DF28C226}"
EndProject
Project("{8BC9CEB8-8B4A-11D0-8D11-00A0C91BC942}") = "1001. A+B Format version2", "1001. A+B Format version2\1001. A+B Format version2.vcxproj", "{F23EFB49-B3DC-491C-BE29-294346A6F313}"
EndProject
Project("{8BC9CEB8-8B4A-11D0-8D11-00A0C91BC942}") = "1025. PAT Ranking", "1025. PAT Ranking\1025. PAT Ranking.vcxproj", "{C1299544-D9B8-41F5-BCE6-5B5FFD93666E}"
EndProject
Project("{8BC9CEB8-8B4A-11D0-8D11-00A0C91BC942}") = "1005. Spell It Right", "1005. Spell It Right\1005. Spell It Right.vcxproj", "{A1A60BBC-FD8C-436B-B6E1-009BCDB738C8}"
EndProject
Project("{8BC9CEB8-8B4A-11D0-8D11-00A0C91BC942}") = "1008. Elevator", "1008. Elevator\1008. Elevator.vcxproj", "{933F344E-2FD2-414E-9B13-33464185F30B}"
EndProject
Project("{8BC9CEB8-8B4A-11D0-8D11-00A0C91BC942}") = "1028. List Sorting", "1028. List Sorting\1028. List Sorting.vcxproj", "{14A0F4F2-6A0C-422D-873D-3207A726A162}"
EndProject
Project("{8BC9CEB8-8B4A-11D0-8D11-00A0C91BC942}") = "1036. Boys vs Girls", "1036. Boys vs Girls\1036. Boys vs Girls.vcxproj", "{8F045E4F-416E-4A7C-AD3F-42BF021E9D31}"
EndProject
Project("{8BC9CEB8-8B4A-11D0-8D11-00A0C91BC942}") = "1075. PAT Judge", "1075. PAT Judge\1075. PAT Judge.vcxproj", "{E81C4786-FB3E-4DFB-B633-35E47B75BD17}"
EndProject
Project("{8BC9CEB8-8B4A-11D0-8D11-00A0C91BC942}") = "Sample1 全排列递归", "Sample1 全排列递归\Sample1 全排列递归.vcxproj", "{F8DB07D3-1051-4D7F-8940-8EC5631C5FB1}"
EndProject
Project("{8BC9CEB8-8B4A-11D0-8D11-00A0C91BC942}") = "1060. Are They Equal", "1060. Are They Equal\1060. Are They Equal.vcxproj", "{5E4B3CFD-21F8-4037-8F62-9E64B027C500}"
EndProject
Project("{8BC9CEB8-8B4A-11D0-8D11-00A0C91BC942}") = "1002. A+B for Polynomials", "1002. A+B for Polynomials\1002. A+B for Polynomials.vcxproj", "{CDF92614-F93E-4D4A-BE10-A1999E24D63D}"
EndProject
Project("{8BC9CEB8-8B4A-11D0-8D11-00A0C91BC942}") = "1012. The Best Rank", "1012. The Best Rank\1012. The Best Rank.vcxproj", "{7558CB7E-0006-4875-9AD5-3B1AB5DAC29E}"
EndProject
Project("{8BC9CEB8-8B4A-11D0-8D11-00A0C91BC942}") = "1006. Sign In and Sign Out", "1006. Sign In and Sign Out\1006. Sign In and Sign Out.vcxproj", "{7853B4FD-C556-4494-A9AC-5588A242C5C8}"
EndProject
Project("{8BC9CEB8-8B4A-11D0-8D11-00A0C91BC942}") = "1009. Product of Polynomials", "1009. Product of Polynomials\1009. Product of Polynomials.vcxproj", "{8E69A035-C08D-462C-8457-D266D8304207}"
EndProject
Project("{8BC9CEB8-8B4A-11D0-8D11-00A0C91BC942}") = "1011. World Cup Betting", "1011. World Cup Betting\1011. World Cup Betting.vcxproj", "{4BE37239-DE3B-4302-BCBB-7978B74F4071}"
EndProject
Project("{8BC9CEB8-8B4A-11D0-8D11-00A0C91BC942}") = "1128. N Queens Puzzle", "1128. N Queens Puzzle\1128. N Queens Puzzle.vcxproj", "{BFFB7330-1EBC-41F9-A6F0-87363BABB7EF}"
EndProject
Project("{8BC9CEB8-8B4A-11D0-8D11-00A0C91BC942}") = "1042. Shuffling Machine", "1042. Shuffling Machine\1042. Shuffling Machine.vcxproj", "{BFE3D43C-40EA-48CC-9C9D-3FD845B1316F}"
EndProject
Project("{8BC9CEB8-8B4A-11D0-8D11-00A0C91BC942}") = "1065. A+B and C (64bit)", "1065. A+B and C (64bit)\1065. A+B and C (64bit).vcxproj", "{C4D57948-E269-4B61-81FC-8A4372A5616B}"
EndProject
Project("{8BC9CEB8-8B4A-11D0-8D11-00A0C91BC942}") = "1121. Damn Single", "1121. Damn Single\1121. Damn Single.vcxproj", "{CF363203-BCA9-4FE7-B14A-C0845D275AA1}"
EndProject
Project("{8BC9CEB8-8B4A-11D0-8D11-00A0C91BC942}") = "1007. Maximum Subsequence Sum", "1007. Maximum Subsequence Sum\1007. Maximum Subsequence Sum.vcxproj", "{C106E6FE-DD38-4BB6-BDD6-DA37128732EB}"
EndProject
Project("{8BC9CEB8-8B4A-11D0-8D11-00A0C91BC942}") = "1051. Pop Sequence", "1051. Pop Sequence\1051. Pop Sequence.vcxproj", "{D76BBF52-E7EE-4994-AEBD-DB5E992FF706}"
EndProject
Project("{8BC9CEB8-8B4A-11D0-8D11-00A0C91BC942}") = "1055. The World's Richest", "1055. The World's Richest\1055. The World's Richest.vcxproj", "{CC45239E-95F7-4B06-B239-39DCAB2B8B03}"
EndProject
Project("{8BC9CEB8-8B4A-11D0-8D11-00A0C91BC942}") = "1069. The Black Hole of Numbers", "1069. The Black Hole of Numbers\1069. The Black Hole of Numbers.vcxproj", "{35B8002E-271A-48C0-B98C-3C9D5D4BA258}"
EndProject
Project("{8BC9CEB8-8B4A-11D0-8D11-00A0C91BC942}") = "1059. Prime Factors", "1059. Prime Factors\1059. Prime Factors.vcxproj", "{2D75E348-4BC7-4FF5-B3FE-C3178AF3D555}"
EndProject
Project("{8BC9CEB8-8B4A-11D0-8D11-00A0C91BC942}") = "1096. Consecutive Factors", "1096. Consecutive Factors\1096. Consecutive Factors.vcxproj", "{96BF7DF1-94C3-405F-96B5-B1D5C339A614}"
EndProject
Global
	GlobalSection(SolutionConfigurationPlatforms) = preSolution
		Debug|x64 = Debug|x64
		Debug|x86 = Debug|x86
		Release|x64 = Release|x64
		Release|x86 = Release|x86
	EndGlobalSection
	GlobalSection(ProjectConfigurationPlatforms) = postSolution
		{2A7B8995-428E-406B-8618-DC39DF28C226}.Debug|x64.ActiveCfg = Debug|x64
		{2A7B8995-428E-406B-8618-DC39DF28C226}.Debug|x64.Build.0 = Debug|x64
		{2A7B8995-428E-406B-8618-DC39DF28C226}.Debug|x86.ActiveCfg = Debug|Win32
		{2A7B8995-428E-406B-8618-DC39DF28C226}.Debug|x86.Build.0 = Debug|Win32
		{2A7B8995-428E-406B-8618-DC39DF28C226}.Release|x64.ActiveCfg = Release|x64
		{2A7B8995-428E-406B-8618-DC39DF28C226}.Release|x64.Build.0 = Release|x64
		{2A7B8995-428E-406B-8618-DC39DF28C226}.Release|x86.ActiveCfg = Release|Win32
		{2A7B8995-428E-406B-8618-DC39DF28C226}.Release|x86.Build.0 = Release|Win32
		{F23EFB49-B3DC-491C-BE29-294346A6F313}.Debug|x64.ActiveCfg = Debug|x64
		{F23EFB49-B3DC-491C-BE29-294346A6F313}.Debug|x64.Build.0 = Debug|x64
		{F23EFB49-B3DC-491C-BE29-294346A6F313}.Debug|x86.ActiveCfg = Debug|Win32
		{F23EFB49-B3DC-491C-BE29-294346A6F313}.Debug|x86.Build.0 = Debug|Win32
		{F23EFB49-B3DC-491C-BE29-294346A6F313}.Release|x64.ActiveCfg = Release|x64
		{F23EFB49-B3DC-491C-BE29-294346A6F313}.Release|x64.Build.0 = Release|x64
		{F23EFB49-B3DC-491C-BE29-294346A6F313}.Release|x86.ActiveCfg = Release|Win32
		{F23EFB49-B3DC-491C-BE29-294346A6F313}.Release|x86.Build.0 = Release|Win32
		{C1299544-D9B8-41F5-BCE6-5B5FFD93666E}.Debug|x64.ActiveCfg = Debug|x64
		{C1299544-D9B8-41F5-BCE6-5B5FFD93666E}.Debug|x64.Build.0 = Debug|x64
		{C1299544-D9B8-41F5-BCE6-5B5FFD93666E}.Debug|x86.ActiveCfg = Debug|Win32
		{C1299544-D9B8-41F5-BCE6-5B5FFD93666E}.Debug|x86.Build.0 = Debug|Win32
		{C1299544-D9B8-41F5-BCE6-5B5FFD93666E}.Release|x64.ActiveCfg = Release|x64
		{C1299544-D9B8-41F5-BCE6-5B5FFD93666E}.Release|x64.Build.0 = Release|x64
		{C1299544-D9B8-41F5-BCE6-5B5FFD93666E}.Release|x86.ActiveCfg = Release|Win32
		{C1299544-D9B8-41F5-BCE6-5B5FFD93666E}.Release|x86.Build.0 = Release|Win32
		{A1A60BBC-FD8C-436B-B6E1-009BCDB738C8}.Debug|x64.ActiveCfg = Debug|x64
		{A1A60BBC-FD8C-436B-B6E1-009BCDB738C8}.Debug|x64.Build.0 = Debug|x64
		{A1A60BBC-FD8C-436B-B6E1-009BCDB738C8}.Debug|x86.ActiveCfg = Debug|Win32
		{A1A60BBC-FD8C-436B-B6E1-009BCDB738C8}.Debug|x86.Build.0 = Debug|Win32
		{A1A60BBC-FD8C-436B-B6E1-009BCDB738C8}.Release|x64.ActiveCfg = Release|x64
		{A1A60BBC-FD8C-436B-B6E1-009BCDB738C8}.Release|x64.Build.0 = Release|x64
		{A1A60BBC-FD8C-436B-B6E1-009BCDB738C8}.Release|x86.ActiveCfg = Release|Win32
		{A1A60BBC-FD8C-436B-B6E1-009BCDB738C8}.Release|x86.Build.0 = Release|Win32
		{933F344E-2FD2-414E-9B13-33464185F30B}.Debug|x64.ActiveCfg = Debug|x64
		{933F344E-2FD2-414E-9B13-33464185F30B}.Debug|x64.Build.0 = Debug|x64
		{933F344E-2FD2-414E-9B13-33464185F30B}.Debug|x86.ActiveCfg = Debug|Win32
		{933F344E-2FD2-414E-9B13-33464185F30B}.Debug|x86.Build.0 = Debug|Win32
		{933F344E-2FD2-414E-9B13-33464185F30B}.Release|x64.ActiveCfg = Release|x64
		{933F344E-2FD2-414E-9B13-33464185F30B}.Release|x64.Build.0 = Release|x64
		{933F344E-2FD2-414E-9B13-33464185F30B}.Release|x86.ActiveCfg = Release|Win32
		{933F344E-2FD2-414E-9B13-33464185F30B}.Release|x86.Build.0 = Release|Win32
		{14A0F4F2-6A0C-422D-873D-3207A726A162}.Debug|x64.ActiveCfg = Debug|x64
		{14A0F4F2-6A0C-422D-873D-3207A726A162}.Debug|x64.Build.0 = Debug|x64
		{14A0F4F2-6A0C-422D-873D-3207A726A162}.Debug|x86.ActiveCfg = Debug|Win32
		{14A0F4F2-6A0C-422D-873D-3207A726A162}.Debug|x86.Build.0 = Debug|Win32
		{14A0F4F2-6A0C-422D-873D-3207A726A162}.Release|x64.ActiveCfg = Release|x64
		{14A0F4F2-6A0C-422D-873D-3207A726A162}.Release|x64.Build.0 = Release|x64
		{14A0F4F2-6A0C-422D-873D-3207A726A162}.Release|x86.ActiveCfg = Release|Win32
		{14A0F4F2-6A0C-422D-873D-3207A726A162}.Release|x86.Build.0 = Release|Win32
		{8F045E4F-416E-4A7C-AD3F-42BF021E9D31}.Debug|x64.ActiveCfg = Debug|x64
		{8F045E4F-416E-4A7C-AD3F-42BF021E9D31}.Debug|x64.Build.0 = Debug|x64
		{8F045E4F-416E-4A7C-AD3F-42BF021E9D31}.Debug|x86.ActiveCfg = Debug|Win32
		{8F045E4F-416E-4A7C-AD3F-42BF021E9D31}.Debug|x86.Build.0 = Debug|Win32
		{8F045E4F-416E-4A7C-AD3F-42BF021E9D31}.Release|x64.ActiveCfg = Release|x64
		{8F045E4F-416E-4A7C-AD3F-42BF021E9D31}.Release|x64.Build.0 = Release|x64
		{8F045E4F-416E-4A7C-AD3F-42BF021E9D31}.Release|x86.ActiveCfg = Release|Win32
		{8F045E4F-416E-4A7C-AD3F-42BF021E9D31}.Release|x86.Build.0 = Release|Win32
		{E81C4786-FB3E-4DFB-B633-35E47B75BD17}.Debug|x64.ActiveCfg = Debug|x64
		{E81C4786-FB3E-4DFB-B633-35E47B75BD17}.Debug|x64.Build.0 = Debug|x64
		{E81C4786-FB3E-4DFB-B633-35E47B75BD17}.Debug|x86.ActiveCfg = Debug|Win32
		{E81C4786-FB3E-4DFB-B633-35E47B75BD17}.Debug|x86.Build.0 = Debug|Win32
		{E81C4786-FB3E-4DFB-B633-35E47B75BD17}.Release|x64.ActiveCfg = Release|x64
		{E81C4786-FB3E-4DFB-B633-35E47B75BD17}.Release|x64.Build.0 = Release|x64
		{E81C4786-FB3E-4DFB-B633-35E47B75BD17}.Release|x86.ActiveCfg = Release|Win32
		{E81C4786-FB3E-4DFB-B633-35E47B75BD17}.Release|x86.Build.0 = Release|Win32
		{F8DB07D3-1051-4D7F-8940-8EC5631C5FB1}.Debug|x64.ActiveCfg = Debug|x64
		{F8DB07D3-1051-4D7F-8940-8EC5631C5FB1}.Debug|x64.Build.0 = Debug|x64
		{F8DB07D3-1051-4D7F-8940-8EC5631C5FB1}.Debug|x86.ActiveCfg = Debug|Win32
		{F8DB07D3-1051-4D7F-8940-8EC5631C5FB1}.Debug|x86.Build.0 = Debug|Win32
		{F8DB07D3-1051-4D7F-8940-8EC5631C5FB1}.Release|x64.ActiveCfg = Release|x64
		{F8DB07D3-1051-4D7F-8940-8EC5631C5FB1}.Release|x64.Build.0 = Release|x64
		{F8DB07D3-1051-4D7F-8940-8EC5631C5FB1}.Release|x86.ActiveCfg = Release|Win32
		{F8DB07D3-1051-4D7F-8940-8EC5631C5FB1}.Release|x86.Build.0 = Release|Win32
		{5E4B3CFD-21F8-4037-8F62-9E64B027C500}.Debug|x64.ActiveCfg = Debug|x64
		{5E4B3CFD-21F8-4037-8F62-9E64B027C500}.Debug|x64.Build.0 = Debug|x64
		{5E4B3CFD-21F8-4037-8F62-9E64B027C500}.Debug|x86.ActiveCfg = Debug|Win32
		{5E4B3CFD-21F8-4037-8F62-9E64B027C500}.Debug|x86.Build.0 = Debug|Win32
		{5E4B3CFD-21F8-4037-8F62-9E64B027C500}.Release|x64.ActiveCfg = Release|x64
		{5E4B3CFD-21F8-4037-8F62-9E64B027C500}.Release|x64.Build.0 = Release|x64
		{5E4B3CFD-21F8-4037-8F62-9E64B027C500}.Release|x86.ActiveCfg = Release|Win32
		{5E4B3CFD-21F8-4037-8F62-9E64B027C500}.Release|x86.Build.0 = Release|Win32
		{CDF92614-F93E-4D4A-BE10-A1999E24D63D}.Debug|x64.ActiveCfg = Debug|x64
		{CDF92614-F93E-4D4A-BE10-A1999E24D63D}.Debug|x64.Build.0 = Debug|x64
		{CDF92614-F93E-4D4A-BE10-A1999E24D63D}.Debug|x86.ActiveCfg = Debug|Win32
		{CDF92614-F93E-4D4A-BE10-A1999E24D63D}.Debug|x86.Build.0 = Debug|Win32
		{CDF92614-F93E-4D4A-BE10-A1999E24D63D}.Release|x64.ActiveCfg = Release|x64
		{CDF92614-F93E-4D4A-BE10-A1999E24D63D}.Release|x64.Build.0 = Release|x64
		{CDF92614-F93E-4D4A-BE10-A1999E24D63D}.Release|x86.ActiveCfg = Release|Win32
		{CDF92614-F93E-4D4A-BE10-A1999E24D63D}.Release|x86.Build.0 = Release|Win32
		{7558CB7E-0006-4875-9AD5-3B1AB5DAC29E}.Debug|x64.ActiveCfg = Debug|x64
		{7558CB7E-0006-4875-9AD5-3B1AB5DAC29E}.Debug|x64.Build.0 = Debug|x64
		{7558CB7E-0006-4875-9AD5-3B1AB5DAC29E}.Debug|x86.ActiveCfg = Debug|Win32
		{7558CB7E-0006-4875-9AD5-3B1AB5DAC29E}.Debug|x86.Build.0 = Debug|Win32
		{7558CB7E-0006-4875-9AD5-3B1AB5DAC29E}.Release|x64.ActiveCfg = Release|x64
		{7558CB7E-0006-4875-9AD5-3B1AB5DAC29E}.Release|x64.Build.0 = Release|x64
		{7558CB7E-0006-4875-9AD5-3B1AB5DAC29E}.Release|x86.ActiveCfg = Release|Win32
		{7558CB7E-0006-4875-9AD5-3B1AB5DAC29E}.Release|x86.Build.0 = Release|Win32
		{7853B4FD-C556-4494-A9AC-5588A242C5C8}.Debug|x64.ActiveCfg = Debug|x64
		{7853B4FD-C556-4494-A9AC-5588A242C5C8}.Debug|x64.Build.0 = Debug|x64
		{7853B4FD-C556-4494-A9AC-5588A242C5C8}.Debug|x86.ActiveCfg = Debug|Win32
		{7853B4FD-C556-4494-A9AC-5588A242C5C8}.Debug|x86.Build.0 = Debug|Win32
		{7853B4FD-C556-4494-A9AC-5588A242C5C8}.Release|x64.ActiveCfg = Release|x64
		{7853B4FD-C556-4494-A9AC-5588A242C5C8}.Release|x64.Build.0 = Release|x64
		{7853B4FD-C556-4494-A9AC-5588A242C5C8}.Release|x86.ActiveCfg = Release|Win32
		{7853B4FD-C556-4494-A9AC-5588A242C5C8}.Release|x86.Build.0 = Release|Win32
		{8E69A035-C08D-462C-8457-D266D8304207}.Debug|x64.ActiveCfg = Debug|x64
		{8E69A035-C08D-462C-8457-D266D8304207}.Debug|x64.Build.0 = Debug|x64
		{8E69A035-C08D-462C-8457-D266D8304207}.Debug|x86.ActiveCfg = Debug|Win32
		{8E69A035-C08D-462C-8457-D266D8304207}.Debug|x86.Build.0 = Debug|Win32
		{8E69A035-C08D-462C-8457-D266D8304207}.Release|x64.ActiveCfg = Release|x64
		{8E69A035-C08D-462C-8457-D266D8304207}.Release|x64.Build.0 = Release|x64
		{8E69A035-C08D-462C-8457-D266D8304207}.Release|x86.ActiveCfg = Release|Win32
		{8E69A035-C08D-462C-8457-D266D8304207}.Release|x86.Build.0 = Release|Win32
		{4BE37239-DE3B-4302-BCBB-7978B74F4071}.Debug|x64.ActiveCfg = Debug|x64
		{4BE37239-DE3B-4302-BCBB-7978B74F4071}.Debug|x64.Build.0 = Debug|x64
		{4BE37239-DE3B-4302-BCBB-7978B74F4071}.Debug|x86.ActiveCfg = Debug|Win32
		{4BE37239-DE3B-4302-BCBB-7978B74F4071}.Debug|x86.Build.0 = Debug|Win32
		{4BE37239-DE3B-4302-BCBB-7978B74F4071}.Release|x64.ActiveCfg = Release|x64
		{4BE37239-DE3B-4302-BCBB-7978B74F4071}.Release|x64.Build.0 = Release|x64
		{4BE37239-DE3B-4302-BCBB-7978B74F4071}.Release|x86.ActiveCfg = Release|Win32
		{4BE37239-DE3B-4302-BCBB-7978B74F4071}.Release|x86.Build.0 = Release|Win32
		{BFFB7330-1EBC-41F9-A6F0-87363BABB7EF}.Debug|x64.ActiveCfg = Debug|x64
		{BFFB7330-1EBC-41F9-A6F0-87363BABB7EF}.Debug|x64.Build.0 = Debug|x64
		{BFFB7330-1EBC-41F9-A6F0-87363BABB7EF}.Debug|x86.ActiveCfg = Debug|Win32
		{BFFB7330-1EBC-41F9-A6F0-87363BABB7EF}.Debug|x86.Build.0 = Debug|Win32
		{BFFB7330-1EBC-41F9-A6F0-87363BABB7EF}.Release|x64.ActiveCfg = Release|x64
		{BFFB7330-1EBC-41F9-A6F0-87363BABB7EF}.Release|x64.Build.0 = Release|x64
		{BFFB7330-1EBC-41F9-A6F0-87363BABB7EF}.Release|x86.ActiveCfg = Release|Win32
		{BFFB7330-1EBC-41F9-A6F0-87363BABB7EF}.Release|x86.Build.0 = Release|Win32
		{BFE3D43C-40EA-48CC-9C9D-3FD845B1316F}.Debug|x64.ActiveCfg = Debug|x64
		{BFE3D43C-40EA-48CC-9C9D-3FD845B1316F}.Debug|x64.Build.0 = Debug|x64
		{BFE3D43C-40EA-48CC-9C9D-3FD845B1316F}.Debug|x86.ActiveCfg = Debug|Win32
		{BFE3D43C-40EA-48CC-9C9D-3FD845B1316F}.Debug|x86.Build.0 = Debug|Win32
		{BFE3D43C-40EA-48CC-9C9D-3FD845B1316F}.Release|x64.ActiveCfg = Release|x64
		{BFE3D43C-40EA-48CC-9C9D-3FD845B1316F}.Release|x64.Build.0 = Release|x64
		{BFE3D43C-40EA-48CC-9C9D-3FD845B1316F}.Release|x86.ActiveCfg = Release|Win32
		{BFE3D43C-40EA-48CC-9C9D-3FD845B1316F}.Release|x86.Build.0 = Release|Win32
		{C4D57948-E269-4B61-81FC-8A4372A5616B}.Debug|x64.ActiveCfg = Debug|x64
		{C4D57948-E269-4B61-81FC-8A4372A5616B}.Debug|x64.Build.0 = Debug|x64
		{C4D57948-E269-4B61-81FC-8A4372A5616B}.Debug|x86.ActiveCfg = Debug|Win32
		{C4D57948-E269-4B61-81FC-8A4372A5616B}.Debug|x86.Build.0 = Debug|Win32
		{C4D57948-E269-4B61-81FC-8A4372A5616B}.Release|x64.ActiveCfg = Release|x64
		{C4D57948-E269-4B61-81FC-8A4372A5616B}.Release|x64.Build.0 = Release|x64
		{C4D57948-E269-4B61-81FC-8A4372A5616B}.Release|x86.ActiveCfg = Release|Win32
		{C4D57948-E269-4B61-81FC-8A4372A5616B}.Release|x86.Build.0 = Release|Win32
		{CF363203-BCA9-4FE7-B14A-C0845D275AA1}.Debug|x64.ActiveCfg = Debug|x64
		{CF363203-BCA9-4FE7-B14A-C0845D275AA1}.Debug|x64.Build.0 = Debug|x64
		{CF363203-BCA9-4FE7-B14A-C0845D275AA1}.Debug|x86.ActiveCfg = Debug|Win32
		{CF363203-BCA9-4FE7-B14A-C0845D275AA1}.Debug|x86.Build.0 = Debug|Win32
		{CF363203-BCA9-4FE7-B14A-C0845D275AA1}.Release|x64.ActiveCfg = Release|x64
		{CF363203-BCA9-4FE7-B14A-C0845D275AA1}.Release|x64.Build.0 = Release|x64
		{CF363203-BCA9-4FE7-B14A-C0845D275AA1}.Release|x86.ActiveCfg = Release|Win32
		{CF363203-BCA9-4FE7-B14A-C0845D275AA1}.Release|x86.Build.0 = Release|Win32
		{C106E6FE-DD38-4BB6-BDD6-DA37128732EB}.Debug|x64.ActiveCfg = Debug|x64
		{C106E6FE-DD38-4BB6-BDD6-DA37128732EB}.Debug|x64.Build.0 = Debug|x64
		{C106E6FE-DD38-4BB6-BDD6-DA37128732EB}.Debug|x86.ActiveCfg = Debug|Win32
		{C106E6FE-DD38-4BB6-BDD6-DA37128732EB}.Debug|x86.Build.0 = Debug|Win32
		{C106E6FE-DD38-4BB6-BDD6-DA37128732EB}.Release|x64.ActiveCfg = Release|x64
		{C106E6FE-DD38-4BB6-BDD6-DA37128732EB}.Release|x64.Build.0 = Release|x64
		{C106E6FE-DD38-4BB6-BDD6-DA37128732EB}.Release|x86.ActiveCfg = Release|Win32
		{C106E6FE-DD38-4BB6-BDD6-DA37128732EB}.Release|x86.Build.0 = Release|Win32
		{D76BBF52-E7EE-4994-AEBD-DB5E992FF706}.Debug|x64.ActiveCfg = Debug|x64
		{D76BBF52-E7EE-4994-AEBD-DB5E992FF706}.Debug|x64.Build.0 = Debug|x64
		{D76BBF52-E7EE-4994-AEBD-DB5E992FF706}.Debug|x86.ActiveCfg = Debug|Win32
		{D76BBF52-E7EE-4994-AEBD-DB5E992FF706}.Debug|x86.Build.0 = Debug|Win32
		{D76BBF52-E7EE-4994-AEBD-DB5E992FF706}.Release|x64.ActiveCfg = Release|x64
		{D76BBF52-E7EE-4994-AEBD-DB5E992FF706}.Release|x64.Build.0 = Release|x64
		{D76BBF52-E7EE-4994-AEBD-DB5E992FF706}.Release|x86.ActiveCfg = Release|Win32
		{D76BBF52-E7EE-4994-AEBD-DB5E992FF706}.Release|x86.Build.0 = Release|Win32
		{CC45239E-95F7-4B06-B239-39DCAB2B8B03}.Debug|x64.ActiveCfg = Debug|x64
		{CC45239E-95F7-4B06-B239-39DCAB2B8B03}.Debug|x64.Build.0 = Debug|x64
		{CC45239E-95F7-4B06-B239-39DCAB2B8B03}.Debug|x86.ActiveCfg = Debug|Win32
		{CC45239E-95F7-4B06-B239-39DCAB2B8B03}.Debug|x86.Build.0 = Debug|Win32
		{CC45239E-95F7-4B06-B239-39DCAB2B8B03}.Release|x64.ActiveCfg = Release|x64
		{CC45239E-95F7-4B06-B239-39DCAB2B8B03}.Release|x64.Build.0 = Release|x64
		{CC45239E-95F7-4B06-B239-39DCAB2B8B03}.Release|x86.ActiveCfg = Release|Win32
		{CC45239E-95F7-4B06-B239-39DCAB2B8B03}.Release|x86.Build.0 = Release|Win32
		{35B8002E-271A-48C0-B98C-3C9D5D4BA258}.Debug|x64.ActiveCfg = Debug|x64
		{35B8002E-271A-48C0-B98C-3C9D5D4BA258}.Debug|x64.Build.0 = Debug|x64
		{35B8002E-271A-48C0-B98C-3C9D5D4BA258}.Debug|x86.ActiveCfg = Debug|Win32
		{35B8002E-271A-48C0-B98C-3C9D5D4BA258}.Debug|x86.Build.0 = Debug|Win32
		{35B8002E-271A-48C0-B98C-3C9D5D4BA258}.Release|x64.ActiveCfg = Release|x64
		{35B8002E-271A-48C0-B98C-3C9D5D4BA258}.Release|x64.Build.0 = Release|x64
		{35B8002E-271A-48C0-B98C-3C9D5D4BA258}.Release|x86.ActiveCfg = Release|Win32
		{35B8002E-271A-48C0-B98C-3C9D5D4BA258}.Release|x86.Build.0 = Release|Win32
		{2D75E348-4BC7-4FF5-B3FE-C3178AF3D555}.Debug|x64.ActiveCfg = Debug|x64
		{2D75E348-4BC7-4FF5-B3FE-C3178AF3D555}.Debug|x64.Build.0 = Debug|x64
		{2D75E348-4BC7-4FF5-B3FE-C3178AF3D555}.Debug|x86.ActiveCfg = Debug|Win32
		{2D75E348-4BC7-4FF5-B3FE-C3178AF3D555}.Debug|x86.Build.0 = Debug|Win32
		{2D75E348-4BC7-4FF5-B3FE-C3178AF3D555}.Release|x64.ActiveCfg = Release|x64
		{2D75E348-4BC7-4FF5-B3FE-C3178AF3D555}.Release|x64.Build.0 = Release|x64
		{2D75E348-4BC7-4FF5-B3FE-C3178AF3D555}.Release|x86.ActiveCfg = Release|Win32
		{2D75E348-4BC7-4FF5-B3FE-C3178AF3D555}.Release|x86.Build.0 = Release|Win32
		{96BF7DF1-94C3-405F-96B5-B1D5C339A614}.Debug|x64.ActiveCfg = Debug|x64
		{96BF7DF1-94C3-405F-96B5-B1D5C339A614}.Debug|x64.Build.0 = Debug|x64
		{96BF7DF1-94C3-405F-96B5-B1D5C339A614}.Debug|x86.ActiveCfg = Debug|Win32
		{96BF7DF1-94C3-405F-96B5-B1D5C339A614}.Debug|x86.Build.0 = Debug|Win32
		{96BF7DF1-94C3-405F-96B5-B1D5C339A614}.Release|x64.ActiveCfg = Release|x64
		{96BF7DF1-94C3-405F-96B5-B1D5C339A614}.Release|x64.Build.0 = Release|x64
		{96BF7DF1-94C3-405F-96B5-B1D5C339A614}.Release|x86.ActiveCfg = Release|Win32
		{96BF7DF1-94C3-405F-96B5-B1D5C339A614}.Release|x86.Build.0 = Release|Win32
	EndGlobalSection
	GlobalSection(SolutionProperties) = preSolution
		HideSolutionNode = FALSE
	EndGlobalSection
	GlobalSection(ExtensibilityGlobals) = postSolution
		SolutionGuid = {BD3CE307-D91F-42E9-9ECB-D213F32C713E}
	EndGlobalSection
EndGlobal
